// !$*UTF8*$!
{
	archiveVersion = 1;
	classes = {
	};
	objectVersion = 56;
	objects = {

/* Begin PBXBuildFile section */
		3E0A616294EEEC92346EDC26 /* Pods_MacroProject.framework in Frameworks */ = {isa = PBXBuildFile; fileRef = 2BFC0A6FD2E2F2D338A471D4 /* Pods_MacroProject.framework */; };
		D2EF4F092AFEFF7300A91F69 /* AppDelegate.swift in Sources */ = {isa = PBXBuildFile; fileRef = D2EF4F082AFEFF7300A91F69 /* AppDelegate.swift */; };
		D2EF4F0B2AFEFF7300A91F69 /* SceneDelegate.swift in Sources */ = {isa = PBXBuildFile; fileRef = D2EF4F0A2AFEFF7300A91F69 /* SceneDelegate.swift */; };
		D2EF4F0D2AFEFF7300A91F69 /* ViewController.swift in Sources */ = {isa = PBXBuildFile; fileRef = D2EF4F0C2AFEFF7300A91F69 /* ViewController.swift */; };
		D2EF4F102AFEFF7300A91F69 /* Main.storyboard in Resources */ = {isa = PBXBuildFile; fileRef = D2EF4F0E2AFEFF7300A91F69 /* Main.storyboard */; };
		D2EF4F122AFEFF7400A91F69 /* Assets.xcassets in Resources */ = {isa = PBXBuildFile; fileRef = D2EF4F112AFEFF7400A91F69 /* Assets.xcassets */; };
		D2EF4F152AFEFF7400A91F69 /* LaunchScreen.storyboard in Resources */ = {isa = PBXBuildFile; fileRef = D2EF4F132AFEFF7400A91F69 /* LaunchScreen.storyboard */; };
		D2EF4F1E2AFF001600A91F69 /* .swiftlint.yml in Resources */ = {isa = PBXBuildFile; fileRef = D2EF4F1D2AFF001600A91F69 /* .swiftlint.yml */; };
/* End PBXBuildFile section */

/* Begin PBXFileReference section */
		2BFC0A6FD2E2F2D338A471D4 /* Pods_MacroProject.framework */ = {isa = PBXFileReference; explicitFileType = wrapper.framework; includeInIndex = 0; path = Pods_MacroProject.framework; sourceTree = BUILT_PRODUCTS_DIR; };
		3045E066EC8FA4BEF1CBA811 /* Pods-MacroProject.release.xcconfig */ = {isa = PBXFileReference; includeInIndex = 1; lastKnownFileType = text.xcconfig; name = "Pods-MacroProject.release.xcconfig"; path = "Target Support Files/Pods-MacroProject/Pods-MacroProject.release.xcconfig"; sourceTree = "<group>"; };
		AE9CB6C0A8BC998E5F2DB69A /* Pods-MacroProject.debug.xcconfig */ = {isa = PBXFileReference; includeInIndex = 1; lastKnownFileType = text.xcconfig; name = "Pods-MacroProject.debug.xcconfig"; path = "Target Support Files/Pods-MacroProject/Pods-MacroProject.debug.xcconfig"; sourceTree = "<group>"; };
		D2EF4F052AFEFF7300A91F69 /* MacroProject.app */ = {isa = PBXFileReference; explicitFileType = wrapper.application; includeInIndex = 0; path = MacroProject.app; sourceTree = BUILT_PRODUCTS_DIR; };
		D2EF4F082AFEFF7300A91F69 /* AppDelegate.swift */ = {isa = PBXFileReference; lastKnownFileType = sourcecode.swift; path = AppDelegate.swift; sourceTree = "<group>"; };
		D2EF4F0A2AFEFF7300A91F69 /* SceneDelegate.swift */ = {isa = PBXFileReference; lastKnownFileType = sourcecode.swift; path = SceneDelegate.swift; sourceTree = "<group>"; };
		D2EF4F0C2AFEFF7300A91F69 /* ViewController.swift */ = {isa = PBXFileReference; lastKnownFileType = sourcecode.swift; path = ViewController.swift; sourceTree = "<group>"; };
		D2EF4F0F2AFEFF7300A91F69 /* Base */ = {isa = PBXFileReference; lastKnownFileType = file.storyboard; name = Base; path = Base.lproj/Main.storyboard; sourceTree = "<group>"; };
		D2EF4F112AFEFF7400A91F69 /* Assets.xcassets */ = {isa = PBXFileReference; lastKnownFileType = folder.assetcatalog; path = Assets.xcassets; sourceTree = "<group>"; };
		D2EF4F142AFEFF7400A91F69 /* Base */ = {isa = PBXFileReference; lastKnownFileType = file.storyboard; name = Base; path = Base.lproj/LaunchScreen.storyboard; sourceTree = "<group>"; };
		D2EF4F162AFEFF7400A91F69 /* Info.plist */ = {isa = PBXFileReference; lastKnownFileType = text.plist.xml; path = Info.plist; sourceTree = "<group>"; };
		D2EF4F1D2AFF001600A91F69 /* .swiftlint.yml */ = {isa = PBXFileReference; fileEncoding = 4; lastKnownFileType = text.yaml; path = .swiftlint.yml; sourceTree = "<group>"; };
/* End PBXFileReference section */

/* Begin PBXFrameworksBuildPhase section */
		D2EF4F022AFEFF7300A91F69 /* Frameworks */ = {
			isa = PBXFrameworksBuildPhase;
			buildActionMask = 2147483647;
			files = (
				3E0A616294EEEC92346EDC26 /* Pods_MacroProject.framework in Frameworks */,
			);
			runOnlyForDeploymentPostprocessing = 0;
		};
/* End PBXFrameworksBuildPhase section */

/* Begin PBXGroup section */
		28AE9D5E440C61EEB43F1FA2 /* Pods */ = {
			isa = PBXGroup;
			children = (
				AE9CB6C0A8BC998E5F2DB69A /* Pods-MacroProject.debug.xcconfig */,
				3045E066EC8FA4BEF1CBA811 /* Pods-MacroProject.release.xcconfig */,
			);
			path = Pods;
			sourceTree = "<group>";
		};
		D2EF4EFC2AFEFF7300A91F69 = {
			isa = PBXGroup;
			children = (
				D2EF4F1D2AFF001600A91F69 /* .swiftlint.yml */,
				D2EF4F072AFEFF7300A91F69 /* MacroProject */,
				D2EF4F062AFEFF7300A91F69 /* Products */,
				28AE9D5E440C61EEB43F1FA2 /* Pods */,
				E8CF2337AD5BF53212C330F6 /* Frameworks */,
			);
			sourceTree = "<group>";
		};
		D2EF4F062AFEFF7300A91F69 /* Products */ = {
			isa = PBXGroup;
			children = (
				D2EF4F052AFEFF7300A91F69 /* MacroProject.app */,
			);
			name = Products;
			sourceTree = "<group>";
		};
		D2EF4F072AFEFF7300A91F69 /* MacroProject */ = {
			isa = PBXGroup;
			children = (
				D2EF4F082AFEFF7300A91F69 /* AppDelegate.swift */,
				D2EF4F0A2AFEFF7300A91F69 /* SceneDelegate.swift */,
				D2EF4F0C2AFEFF7300A91F69 /* ViewController.swift */,
				D2EF4F0E2AFEFF7300A91F69 /* Main.storyboard */,
				D2EF4F112AFEFF7400A91F69 /* Assets.xcassets */,
				D2EF4F132AFEFF7400A91F69 /* LaunchScreen.storyboard */,
				D2EF4F162AFEFF7400A91F69 /* Info.plist */,
			);
			path = MacroProject;
			sourceTree = "<group>";
		};
		E8CF2337AD5BF53212C330F6 /* Frameworks */ = {
			isa = PBXGroup;
			children = (
				2BFC0A6FD2E2F2D338A471D4 /* Pods_MacroProject.framework */,
			);
			name = Frameworks;
			sourceTree = "<group>";
		};
/* End PBXGroup section */

/* Begin PBXNativeTarget section */
		D2EF4F042AFEFF7300A91F69 /* MacroProject */ = {
			isa = PBXNativeTarget;
			buildConfigurationList = D2EF4F192AFEFF7400A91F69 /* Build configuration list for PBXNativeTarget "MacroProject" */;
			buildPhases = (
				2B096A2BB4932730F562F248 /* [CP] Check Pods Manifest.lock */,
				D2EF4F1C2AFEFFBD00A91F69 /* SwiftLint Script */,
				D2EF4F012AFEFF7300A91F69 /* Sources */,
				D2EF4F022AFEFF7300A91F69 /* Frameworks */,
				D2EF4F032AFEFF7300A91F69 /* Resources */,
			);
			buildRules = (
			);
			dependencies = (
			);
			name = MacroProject;
			productName = MacroProject;
			productReference = D2EF4F052AFEFF7300A91F69 /* MacroProject.app */;
			productType = "com.apple.product-type.application";
		};
/* End PBXNativeTarget section */

/* Begin PBXProject section */
		D2EF4EFD2AFEFF7300A91F69 /* Project object */ = {
			isa = PBXProject;
			attributes = {
				BuildIndependentTargetsInParallel = 1;
				LastSwiftUpdateCheck = 1500;
				LastUpgradeCheck = 1500;
				TargetAttributes = {
					D2EF4F042AFEFF7300A91F69 = {
						CreatedOnToolsVersion = 15.0.1;
					};
				};
			};
			buildConfigurationList = D2EF4F002AFEFF7300A91F69 /* Build configuration list for PBXProject "MacroProject" */;
			compatibilityVersion = "Xcode 14.0";
			developmentRegion = en;
			hasScannedForEncodings = 0;
			knownRegions = (
				en,
				Base,
			);
			mainGroup = D2EF4EFC2AFEFF7300A91F69;
			productRefGroup = D2EF4F062AFEFF7300A91F69 /* Products */;
			projectDirPath = "";
			projectRoot = "";
			targets = (
				D2EF4F042AFEFF7300A91F69 /* MacroProject */,
			);
		};
/* End PBXProject section */

/* Begin PBXResourcesBuildPhase section */
		D2EF4F032AFEFF7300A91F69 /* Resources */ = {
			isa = PBXResourcesBuildPhase;
			buildActionMask = 2147483647;
			files = (
				D2EF4F1E2AFF001600A91F69 /* .swiftlint.yml in Resources */,
				D2EF4F152AFEFF7400A91F69 /* LaunchScreen.storyboard in Resources */,
				D2EF4F122AFEFF7400A91F69 /* Assets.xcassets in Resources */,
				D2EF4F102AFEFF7300A91F69 /* Main.storyboard in Resources */,
			);
			runOnlyForDeploymentPostprocessing = 0;
		};
/* End PBXResourcesBuildPhase section */

/* Begin PBXShellScriptBuildPhase section */
		2B096A2BB4932730F562F248 /* [CP] Check Pods Manifest.lock */ = {
			isa = PBXShellScriptBuildPhase;
			buildActionMask = 2147483647;
			files = (
			);
			inputFileListPaths = (
			);
			inputPaths = (
				"${PODS_PODFILE_DIR_PATH}/Podfile.lock",
				"${PODS_ROOT}/Manifest.lock",
			);
			name = "[CP] Check Pods Manifest.lock";
			outputFileListPaths = (
			);
			outputPaths = (
				"$(DERIVED_FILE_DIR)/Pods-MacroProject-checkManifestLockResult.txt",
			);
			runOnlyForDeploymentPostprocessing = 0;
			shellPath = /bin/sh;
			shellScript = "diff \"${PODS_PODFILE_DIR_PATH}/Podfile.lock\" \"${PODS_ROOT}/Manifest.lock\" > /dev/null\nif [ $? != 0 ] ; then\n    # print error to STDERR\n    echo \"error: The sandbox is not in sync with the Podfile.lock. Run 'pod install' or update your CocoaPods installation.\" >&2\n    exit 1\nfi\n# This output is used by Xcode 'outputs' to avoid re-running this script phase.\necho \"SUCCESS\" > \"${SCRIPT_OUTPUT_FILE_0}\"\n";
			showEnvVarsInLog = 0;
		};
		D2EF4F1C2AFEFFBD00A91F69 /* SwiftLint Script */ = {
			isa = PBXShellScriptBuildPhase;
			alwaysOutOfDate = 1;
			buildActionMask = 2147483647;
			files = (
			);
			inputFileListPaths = (
			);
			inputPaths = (
			);
			name = "SwiftLint Script";
			outputFileListPaths = (
			);
			outputPaths = (
			);
			runOnlyForDeploymentPostprocessing = 0;
			shellPath = /bin/sh;
			shellScript = "export PATH=\"$PATH:/opt/homebrew/bin\"\nif which swiftlint >/dev/null; then\n  swiftlint\nelse\n  echo \"warning: SwiftLint not installed, download from https://github.com/realm/SwiftLint\"\nfi\n";
		};
/* End PBXShellScriptBuildPhase section */

/* Begin PBXSourcesBuildPhase section */
		D2EF4F012AFEFF7300A91F69 /* Sources */ = {
			isa = PBXSourcesBuildPhase;
			buildActionMask = 2147483647;
			files = (
				D2EF4F0D2AFEFF7300A91F69 /* ViewController.swift in Sources */,
				D2EF4F092AFEFF7300A91F69 /* AppDelegate.swift in Sources */,
				D2EF4F0B2AFEFF7300A91F69 /* SceneDelegate.swift in Sources */,
			);
			runOnlyForDeploymentPostprocessing = 0;
		};
/* End PBXSourcesBuildPhase section */

/* Begin PBXVariantGroup section */
		D2EF4F0E2AFEFF7300A91F69 /* Main.storyboard */ = {
			isa = PBXVariantGroup;
			children = (
				D2EF4F0F2AFEFF7300A91F69 /* Base */,
			);
			name = Main.storyboard;
			sourceTree = "<group>";
		};
		D2EF4F132AFEFF7400A91F69 /* LaunchScreen.storyboard */ = {
			isa = PBXVariantGroup;
			children = (
				D2EF4F142AFEFF7400A91F69 /* Base */,
			);
			name = LaunchScreen.storyboard;
			sourceTree = "<group>";
		};
/* End PBXVariantGroup section */

/* Begin XCBuildConfiguration section */
		D2EF4F172AFEFF7400A91F69 /* Debug */ = {
			isa = XCBuildConfiguration;
			buildSettings = {
				ALWAYS_SEARCH_USER_PATHS = NO;
				ASSETCATALOG_COMPILER_GENERATE_SWIFT_ASSET_SYMBOL_EXTENSIONS = YES;
				CLANG_ANALYZER_NONNULL = YES;
				CLANG_ANALYZER_NUMBER_OBJECT_CONVERSION = YES_AGGRESSIVE;
				CLANG_CXX_LANGUAGE_STANDARD = "gnu++20";
				CLANG_ENABLE_MODULES = YES;
				CLANG_ENABLE_OBJC_ARC = YES;
				CLANG_ENABLE_OBJC_WEAK = YES;
				CLANG_WARN_BLOCK_CAPTURE_AUTORELEASING = YES;
				CLANG_WARN_BOOL_CONVERSION = YES;
				CLANG_WARN_COMMA = YES;
				CLANG_WARN_CONSTANT_CONVERSION = YES;
				CLANG_WARN_DEPRECATED_OBJC_IMPLEMENTATIONS = YES;
				CLANG_WARN_DIRECT_OBJC_ISA_USAGE = YES_ERROR;
				CLANG_WARN_DOCUMENTATION_COMMENTS = YES;
				CLANG_WARN_EMPTY_BODY = YES;
				CLANG_WARN_ENUM_CONVERSION = YES;
				CLANG_WARN_INFINITE_RECURSION = YES;
				CLANG_WARN_INT_CONVERSION = YES;
				CLANG_WARN_NON_LITERAL_NULL_CONVERSION = YES;
				CLANG_WARN_OBJC_IMPLICIT_RETAIN_SELF = YES;
				CLANG_WARN_OBJC_LITERAL_CONVERSION = YES;
				CLANG_WARN_OBJC_ROOT_CLASS = YES_ERROR;
				CLANG_WARN_QUOTED_INCLUDE_IN_FRAMEWORK_HEADER = YES;
				CLANG_WARN_RANGE_LOOP_ANALYSIS = YES;
				CLANG_WARN_STRICT_PROTOTYPES = YES;
				CLANG_WARN_SUSPICIOUS_MOVE = YES;
				CLANG_WARN_UNGUARDED_AVAILABILITY = YES_AGGRESSIVE;
				CLANG_WARN_UNREACHABLE_CODE = YES;
				CLANG_WARN__DUPLICATE_METHOD_MATCH = YES;
				COPY_PHASE_STRIP = NO;
				DEBUG_INFORMATION_FORMAT = dwarf;
				ENABLE_STRICT_OBJC_MSGSEND = YES;
				ENABLE_TESTABILITY = YES;
				ENABLE_USER_SCRIPT_SANDBOXING = NO;
				GCC_C_LANGUAGE_STANDARD = gnu17;
				GCC_DYNAMIC_NO_PIC = NO;
				GCC_NO_COMMON_BLOCKS = YES;
				GCC_OPTIMIZATION_LEVEL = 0;
				GCC_PREPROCESSOR_DEFINITIONS = (
					"DEBUG=1",
					"$(inherited)",
				);
				GCC_WARN_64_TO_32_BIT_CONVERSION = YES;
				GCC_WARN_ABOUT_RETURN_TYPE = YES_ERROR;
				GCC_WARN_UNDECLARED_SELECTOR = YES;
				GCC_WARN_UNINITIALIZED_AUTOS = YES_AGGRESSIVE;
				GCC_WARN_UNUSED_FUNCTION = YES;
				GCC_WARN_UNUSED_VARIABLE = YES;
				IPHONEOS_DEPLOYMENT_TARGET = 17.0;
				LOCALIZATION_PREFERS_STRING_CATALOGS = YES;
				MTL_ENABLE_DEBUG_INFO = INCLUDE_SOURCE;
				MTL_FAST_MATH = YES;
				ONLY_ACTIVE_ARCH = YES;
				SDKROOT = iphoneos;
				SWIFT_ACTIVE_COMPILATION_CONDITIONS = "DEBUG $(inherited)";
				SWIFT_OPTIMIZATION_LEVEL = "-Onone";
			};
			name = Debug;
		};
		D2EF4F182AFEFF7400A91F69 /* Release */ = {
			isa = XCBuildConfiguration;
			buildSettings = {
				ALWAYS_SEARCH_USER_PATHS = NO;
				ASSETCATALOG_COMPILER_GENERATE_SWIFT_ASSET_SYMBOL_EXTENSIONS = YES;
				CLANG_ANALYZER_NONNULL = YES;
				CLANG_ANALYZER_NUMBER_OBJECT_CONVERSION = YES_AGGRESSIVE;
				CLANG_CXX_LANGUAGE_STANDARD = "gnu++20";
				CLANG_ENABLE_MODULES = YES;
				CLANG_ENABLE_OBJC_ARC = YES;
				CLANG_ENABLE_OBJC_WEAK = YES;
				CLANG_WARN_BLOCK_CAPTURE_AUTORELEASING = YES;
				CLANG_WARN_BOOL_CONVERSION = YES;
				CLANG_WARN_COMMA = YES;
				CLANG_WARN_CONSTANT_CONVERSION = YES;
				CLANG_WARN_DEPRECATED_OBJC_IMPLEMENTATIONS = YES;
				CLANG_WARN_DIRECT_OBJC_ISA_USAGE = YES_ERROR;
				CLANG_WARN_DOCUMENTATION_COMMENTS = YES;
				CLANG_WARN_EMPTY_BODY = YES;
				CLANG_WARN_ENUM_CONVERSION = YES;
				CLANG_WARN_INFINITE_RECURSION = YES;
				CLANG_WARN_INT_CONVERSION = YES;
				CLANG_WARN_NON_LITERAL_NULL_CONVERSION = YES;
				CLANG_WARN_OBJC_IMPLICIT_RETAIN_SELF = YES;
				CLANG_WARN_OBJC_LITERAL_CONVERSION = YES;
				CLANG_WARN_OBJC_ROOT_CLASS = YES_ERROR;
				CLANG_WARN_QUOTED_INCLUDE_IN_FRAMEWORK_HEADER = YES;
				CLANG_WARN_RANGE_LOOP_ANALYSIS = YES;
				CLANG_WARN_STRICT_PROTOTYPES = YES;
				CLANG_WARN_SUSPICIOUS_MOVE = YES;
				CLANG_WARN_UNGUARDED_AVAILABILITY = YES_AGGRESSIVE;
				CLANG_WARN_UNREACHABLE_CODE = YES;
				CLANG_WARN__DUPLICATE_METHOD_MATCH = YES;
				COPY_PHASE_STRIP = NO;
				DEBUG_INFORMATION_FORMAT = "dwarf-with-dsym";
				ENABLE_NS_ASSERTIONS = NO;
				ENABLE_STRICT_OBJC_MSGSEND = YES;
				ENABLE_USER_SCRIPT_SANDBOXING = NO;
				GCC_C_LANGUAGE_STANDARD = gnu17;
				GCC_NO_COMMON_BLOCKS = YES;
				GCC_WARN_64_TO_32_BIT_CONVERSION = YES;
				GCC_WARN_ABOUT_RETURN_TYPE = YES_ERROR;
				GCC_WARN_UNDECLARED_SELECTOR = YES;
				GCC_WARN_UNINITIALIZED_AUTOS = YES_AGGRESSIVE;
				GCC_WARN_UNUSED_FUNCTION = YES;
				GCC_WARN_UNUSED_VARIABLE = YES;
				IPHONEOS_DEPLOYMENT_TARGET = 17.0;
				LOCALIZATION_PREFERS_STRING_CATALOGS = YES;
				MTL_ENABLE_DEBUG_INFO = NO;
				MTL_FAST_MATH = YES;
				SDKROOT = iphoneos;
				SWIFT_COMPILATION_MODE = wholemodule;
				VALIDATE_PRODUCT = YES;
			};
			name = Release;
		};
		D2EF4F1A2AFEFF7400A91F69 /* Debug */ = {
			isa = XCBuildConfiguration;
			baseConfigurationReference = AE9CB6C0A8BC998E5F2DB69A /* Pods-MacroProject.debug.xcconfig */;
			buildSettings = {
				ASSETCATALOG_COMPILER_APPICON_NAME = AppIcon;
				ASSETCATALOG_COMPILER_GLOBAL_ACCENT_COLOR_NAME = AccentColor;
				CODE_SIGN_STYLE = Automatic;
				CURRENT_PROJECT_VERSION = 1;
				DEVELOPMENT_TEAM = AHW642SXDF;
				GENERATE_INFOPLIST_FILE = YES;
				INFOPLIST_FILE = MacroProject/Info.plist;
				INFOPLIST_KEY_UIApplicationSupportsIndirectInputEvents = YES;
				INFOPLIST_KEY_UILaunchStoryboardName = LaunchScreen;
				INFOPLIST_KEY_UIMainStoryboardFile = Main;
				INFOPLIST_KEY_UISupportedInterfaceOrientations_iPad = "UIInterfaceOrientationPortrait UIInterfaceOrientationPortraitUpsideDown UIInterfaceOrientationLandscapeLeft UIInterfaceOrientationLandscapeRight";
				INFOPLIST_KEY_UISupportedInterfaceOrientations_iPhone = "UIInterfaceOrientationPortrait UIInterfaceOrientationLandscapeLeft UIInterfaceOrientationLandscapeRight";
				IPHONEOS_DEPLOYMENT_TARGET = 16.2;
				LD_RUNPATH_SEARCH_PATHS = (
					"$(inherited)",
					"@executable_path/Frameworks",
				);
				MARKETING_VERSION = 1.0;
				PRODUCT_BUNDLE_IDENTIFIER = com.boostcamp.macro.MacroProject;
				PRODUCT_NAME = "$(TARGET_NAME)";
				SWIFT_EMIT_LOC_STRINGS = YES;
				SWIFT_VERSION = 5.0;
				TARGETED_DEVICE_FAMILY = "1,2";
			};
			name = Debug;
		};
		D2EF4F1B2AFEFF7400A91F69 /* Release */ = {
			isa = XCBuildConfiguration;
			baseConfigurationReference = 3045E066EC8FA4BEF1CBA811 /* Pods-MacroProject.release.xcconfig */;
			buildSettings = {
				ASSETCATALOG_COMPILER_APPICON_NAME = AppIcon;
				ASSETCATALOG_COMPILER_GLOBAL_ACCENT_COLOR_NAME = AccentColor;
				CODE_SIGN_STYLE = Automatic;
				CURRENT_PROJECT_VERSION = 1;
				DEVELOPMENT_TEAM = AHW642SXDF;
				GENERATE_INFOPLIST_FILE = YES;
				INFOPLIST_FILE = MacroProject/Info.plist;
				INFOPLIST_KEY_UIApplicationSupportsIndirectInputEvents = YES;
				INFOPLIST_KEY_UILaunchStoryboardName = LaunchScreen;
				INFOPLIST_KEY_UIMainStoryboardFile = Main;
				INFOPLIST_KEY_UISupportedInterfaceOrientations_iPad = "UIInterfaceOrientationPortrait UIInterfaceOrientationPortraitUpsideDown UIInterfaceOrientationLandscapeLeft UIInterfaceOrientationLandscapeRight";
				INFOPLIST_KEY_UISupportedInterfaceOrientations_iPhone = "UIInterfaceOrientationPortrait UIInterfaceOrientationLandscapeLeft UIInterfaceOrientationLandscapeRight";
				IPHONEOS_DEPLOYMENT_TARGET = 16.2;
				LD_RUNPATH_SEARCH_PATHS = (
					"$(inherited)",
					"@executable_path/Frameworks",
				);
				MARKETING_VERSION = 1.0;
				PRODUCT_BUNDLE_IDENTIFIER = com.boostcamp.macro.MacroProject;
				PRODUCT_NAME = "$(TARGET_NAME)";
				SWIFT_EMIT_LOC_STRINGS = YES;
				SWIFT_VERSION = 5.0;
				TARGETED_DEVICE_FAMILY = "1,2";
			};
			name = Release;
		};
/* End XCBuildConfiguration section */

/* Begin XCConfigurationList section */
		D2EF4F002AFEFF7300A91F69 /* Build configuration list for PBXProject "MacroProject" */ = {
			isa = XCConfigurationList;
			buildConfigurations = (
				D2EF4F172AFEFF7400A91F69 /* Debug */,
				D2EF4F182AFEFF7400A91F69 /* Release */,
			);
			defaultConfigurationIsVisible = 0;
			defaultConfigurationName = Release;
		};
		D2EF4F192AFEFF7400A91F69 /* Build configuration list for PBXNativeTarget "MacroProject" */ = {
			isa = XCConfigurationList;
			buildConfigurations = (
				D2EF4F1A2AFEFF7400A91F69 /* Debug */,
				D2EF4F1B2AFEFF7400A91F69 /* Release */,
			);
			defaultConfigurationIsVisible = 0;
			defaultConfigurationName = Release;
		};
/* End XCConfigurationList section */
	};
	rootObject = D2EF4EFD2AFEFF7300A91F69 /* Project object */;
}
