// !$*UTF8*$!
{
	archiveVersion = 1;
	classes = {
	};
	objectVersion = 56;
	objects = {

/* Begin PBXBuildFile section */
		9BFF32D7723F20FDFD4D6D37 /* libPods-Macro.a in Frameworks */ = {isa = PBXBuildFile; fileRef = EFE56344E8979EDA80D9E782 /* libPods-Macro.a */; };
		AA46C4B82B02304400856628 /* AppDelegate.swift in Sources */ = {isa = PBXBuildFile; fileRef = AA46C4B72B02304400856628 /* AppDelegate.swift */; };
		AA46C4BA2B02304400856628 /* SceneDelegate.swift in Sources */ = {isa = PBXBuildFile; fileRef = AA46C4B92B02304400856628 /* SceneDelegate.swift */; };
		AA46C4BC2B02304400856628 /* HomeViewController.swift in Sources */ = {isa = PBXBuildFile; fileRef = AA46C4BB2B02304400856628 /* HomeViewController.swift */; };
		AA46C4C12B02304600856628 /* Assets.xcassets in Resources */ = {isa = PBXBuildFile; fileRef = AA46C4C02B02304600856628 /* Assets.xcassets */; };
		AA46C4CD2B02332F00856628 /* .swiftlint.yml in Resources */ = {isa = PBXBuildFile; fileRef = AA46C4CC2B02332F00856628 /* .swiftlint.yml */; };
		AA46C4D02B025BA400856628 /* MacroDesignSystem in Frameworks */ = {isa = PBXBuildFile; productRef = AA46C4CF2B025BA400856628 /* MacroDesignSystem */; };
		D263CA132B02DD8900B4A144 /* RouteTableViewController.swift in Sources */ = {isa = PBXBuildFile; fileRef = D263CA122B02DD8900B4A144 /* RouteTableViewController.swift */; };
		D263CA152B02ED2B00B4A144 /* RouteTableViewControllerDelegate.swift in Sources */ = {isa = PBXBuildFile; fileRef = D263CA142B02ED2B00B4A144 /* RouteTableViewControllerDelegate.swift */; };
		D263CA1C2B04074D00B4A144 /* LocationDetail.swift in Sources */ = {isa = PBXBuildFile; fileRef = D263CA1B2B04074D00B4A144 /* LocationDetail.swift */; };
		D263CA1E2B0407E000B4A144 /* RouteRecorder.swift in Sources */ = {isa = PBXBuildFile; fileRef = D263CA1D2B0407E000B4A144 /* RouteRecorder.swift */; };
		D263CA202B040BAF00B4A144 /* LocationSearcher.swift in Sources */ = {isa = PBXBuildFile; fileRef = D263CA1F2B040BAF00B4A144 /* LocationSearcher.swift */; };
		D263CA222B040EBE00B4A144 /* TravelViewModel.swift in Sources */ = {isa = PBXBuildFile; fileRef = D263CA212B040EBE00B4A144 /* TravelViewModel.swift */; };
		D263CA242B04134600B4A144 /* ViewModelProtocol.swift in Sources */ = {isa = PBXBuildFile; fileRef = D263CA232B04134600B4A144 /* ViewModelProtocol.swift */; };
		D263CA262B04147E00B4A144 /* TravelViewController.swift in Sources */ = {isa = PBXBuildFile; fileRef = D263CA252B04147E00B4A144 /* TravelViewController.swift */; };
		D263CA282B043C6B00B4A144 /* PinnedPlaceManager.swift in Sources */ = {isa = PBXBuildFile; fileRef = D263CA272B043C6B00B4A144 /* PinnedPlaceManager.swift */; };
		D263CA2A2B05285C00B4A144 /* Network in Frameworks */ = {isa = PBXBuildFile; productRef = D263CA292B05285C00B4A144 /* Network */; };
		D263CA2D2B052ECC00B4A144 /* TravelEndPoint.swift in Sources */ = {isa = PBXBuildFile; fileRef = D263CA2C2B052ECC00B4A144 /* TravelEndPoint.swift */; };
		D263CA2F2B054A0E00B4A144 /* SearchResultViewController.swift in Sources */ = {isa = PBXBuildFile; fileRef = D263CA2E2B054A0E00B4A144 /* SearchResultViewController.swift */; };
/* End PBXBuildFile section */

/* Begin PBXFileReference section */
		702FC922D425DD7839B1DA1B /* Pods-Macro.debug.xcconfig */ = {isa = PBXFileReference; includeInIndex = 1; lastKnownFileType = text.xcconfig; name = "Pods-Macro.debug.xcconfig"; path = "Target Support Files/Pods-Macro/Pods-Macro.debug.xcconfig"; sourceTree = "<group>"; };
		AA46C4B42B02304400856628 /* Macro.app */ = {isa = PBXFileReference; explicitFileType = wrapper.application; includeInIndex = 0; path = Macro.app; sourceTree = BUILT_PRODUCTS_DIR; };
		AA46C4B72B02304400856628 /* AppDelegate.swift */ = {isa = PBXFileReference; lastKnownFileType = sourcecode.swift; path = AppDelegate.swift; sourceTree = "<group>"; };
		AA46C4B92B02304400856628 /* SceneDelegate.swift */ = {isa = PBXFileReference; lastKnownFileType = sourcecode.swift; path = SceneDelegate.swift; sourceTree = "<group>"; };
		AA46C4BB2B02304400856628 /* HomeViewController.swift */ = {isa = PBXFileReference; lastKnownFileType = sourcecode.swift; path = HomeViewController.swift; sourceTree = "<group>"; };
		AA46C4C02B02304600856628 /* Assets.xcassets */ = {isa = PBXFileReference; lastKnownFileType = folder.assetcatalog; path = Assets.xcassets; sourceTree = "<group>"; };
		AA46C4C52B02304600856628 /* Info.plist */ = {isa = PBXFileReference; lastKnownFileType = text.plist.xml; path = Info.plist; sourceTree = "<group>"; };
		AA46C4CC2B02332F00856628 /* .swiftlint.yml */ = {isa = PBXFileReference; lastKnownFileType = text.yaml; path = .swiftlint.yml; sourceTree = "<group>"; };
		AA46C4CE2B025AA300856628 /* MacroDesignSystem */ = {isa = PBXFileReference; lastKnownFileType = wrapper; name = MacroDesignSystem; path = ../MacroDesignSystem; sourceTree = "<group>"; };
		D263CA122B02DD8900B4A144 /* RouteTableViewController.swift */ = {isa = PBXFileReference; lastKnownFileType = sourcecode.swift; path = RouteTableViewController.swift; sourceTree = "<group>"; };
		D263CA142B02ED2B00B4A144 /* RouteTableViewControllerDelegate.swift */ = {isa = PBXFileReference; lastKnownFileType = sourcecode.swift; path = RouteTableViewControllerDelegate.swift; sourceTree = "<group>"; };
		D263CA1B2B04074D00B4A144 /* LocationDetail.swift */ = {isa = PBXFileReference; lastKnownFileType = sourcecode.swift; path = LocationDetail.swift; sourceTree = "<group>"; };
		D263CA1D2B0407E000B4A144 /* RouteRecorder.swift */ = {isa = PBXFileReference; lastKnownFileType = sourcecode.swift; path = RouteRecorder.swift; sourceTree = "<group>"; };
		D263CA1F2B040BAF00B4A144 /* LocationSearcher.swift */ = {isa = PBXFileReference; lastKnownFileType = sourcecode.swift; path = LocationSearcher.swift; sourceTree = "<group>"; };
		D263CA212B040EBE00B4A144 /* TravelViewModel.swift */ = {isa = PBXFileReference; lastKnownFileType = sourcecode.swift; path = TravelViewModel.swift; sourceTree = "<group>"; };
		D263CA232B04134600B4A144 /* ViewModelProtocol.swift */ = {isa = PBXFileReference; lastKnownFileType = sourcecode.swift; path = ViewModelProtocol.swift; sourceTree = "<group>"; };
		D263CA252B04147E00B4A144 /* TravelViewController.swift */ = {isa = PBXFileReference; lastKnownFileType = sourcecode.swift; path = TravelViewController.swift; sourceTree = "<group>"; };
		D263CA272B043C6B00B4A144 /* PinnedPlaceManager.swift */ = {isa = PBXFileReference; lastKnownFileType = sourcecode.swift; path = PinnedPlaceManager.swift; sourceTree = "<group>"; };
		D263CA2C2B052ECC00B4A144 /* TravelEndPoint.swift */ = {isa = PBXFileReference; lastKnownFileType = sourcecode.swift; path = TravelEndPoint.swift; sourceTree = "<group>"; };
		D263CA2E2B054A0E00B4A144 /* SearchResultViewController.swift */ = {isa = PBXFileReference; lastKnownFileType = sourcecode.swift; path = SearchResultViewController.swift; sourceTree = "<group>"; };
		EFE56344E8979EDA80D9E782 /* libPods-Macro.a */ = {isa = PBXFileReference; explicitFileType = archive.ar; includeInIndex = 0; path = "libPods-Macro.a"; sourceTree = BUILT_PRODUCTS_DIR; };
		FE963544592A2BC35C2CD604 /* Pods-Macro.release.xcconfig */ = {isa = PBXFileReference; includeInIndex = 1; lastKnownFileType = text.xcconfig; name = "Pods-Macro.release.xcconfig"; path = "Target Support Files/Pods-Macro/Pods-Macro.release.xcconfig"; sourceTree = "<group>"; };
/* End PBXFileReference section */

/* Begin PBXFrameworksBuildPhase section */
		AA46C4B12B02304400856628 /* Frameworks */ = {
			isa = PBXFrameworksBuildPhase;
			buildActionMask = 2147483647;
			files = (
				D263CA2A2B05285C00B4A144 /* Network in Frameworks */,
				AA46C4D02B025BA400856628 /* MacroDesignSystem in Frameworks */,
				9BFF32D7723F20FDFD4D6D37 /* libPods-Macro.a in Frameworks */,
			);
			runOnlyForDeploymentPostprocessing = 0;
		};
/* End PBXFrameworksBuildPhase section */

/* Begin PBXGroup section */
		1DE520A32C0A10F6528CFB99 /* Pods */ = {
			isa = PBXGroup;
			children = (
				702FC922D425DD7839B1DA1B /* Pods-Macro.debug.xcconfig */,
				FE963544592A2BC35C2CD604 /* Pods-Macro.release.xcconfig */,
			);
			path = Pods;
			sourceTree = "<group>";
		};
		5DD0A7BCA014FCD623890BA7 /* Frameworks */ = {
			isa = PBXGroup;
			children = (
				EFE56344E8979EDA80D9E782 /* libPods-Macro.a */,
			);
			name = Frameworks;
			sourceTree = "<group>";
		};
		AA46C4AB2B02304400856628 = {
			isa = PBXGroup;
			children = (
				AA46C4CE2B025AA300856628 /* MacroDesignSystem */,
				AA46C4CC2B02332F00856628 /* .swiftlint.yml */,
				AA46C4B62B02304400856628 /* Macro */,
				AA46C4B52B02304400856628 /* Products */,
				1DE520A32C0A10F6528CFB99 /* Pods */,
				5DD0A7BCA014FCD623890BA7 /* Frameworks */,
			);
			sourceTree = "<group>";
		};
		AA46C4B52B02304400856628 /* Products */ = {
			isa = PBXGroup;
			children = (
				AA46C4B42B02304400856628 /* Macro.app */,
			);
			name = Products;
			sourceTree = "<group>";
		};
		AA46C4B62B02304400856628 /* Macro */ = {
			isa = PBXGroup;
			children = (
				AA46C4C52B02304600856628 /* Info.plist */,
				BAA07AE02B02523000884F3C /* Resource */,
				BAA07ADF2B02521500884F3C /* App */,
				BAA07ADE2B0251CF00884F3C /* Scene */,
			);
			path = Macro;
			sourceTree = "<group>";
		};
		BAA07ADE2B0251CF00884F3C /* Scene */ = {
			isa = PBXGroup;
			children = (
				D263CA232B04134600B4A144 /* ViewModelProtocol.swift */,
				BAA07AE32B0253E600884F3C /* Home */,
				D263CA092B02B22D00B4A144 /* Travel */,
			);
			path = Scene;
			sourceTree = "<group>";
		};
		BAA07ADF2B02521500884F3C /* App */ = {
			isa = PBXGroup;
			children = (
				AA46C4B72B02304400856628 /* AppDelegate.swift */,
				AA46C4B92B02304400856628 /* SceneDelegate.swift */,
			);
			path = App;
			sourceTree = "<group>";
		};
		BAA07AE02B02523000884F3C /* Resource */ = {
			isa = PBXGroup;
			children = (
				AA46C4C02B02304600856628 /* Assets.xcassets */,
			);
			path = Resource;
			sourceTree = "<group>";
		};
		BAA07AE22B0253DC00884F3C /* View */ = {
			isa = PBXGroup;
			children = (
				AA46C4BB2B02304400856628 /* HomeViewController.swift */,
			);
			path = View;
			sourceTree = "<group>";
		};
		BAA07AE32B0253E600884F3C /* Home */ = {
			isa = PBXGroup;
			children = (
				BAA07AE22B0253DC00884F3C /* View */,
				BAA07AE92B02558200884F3C /* Model */,
				BAA07AE82B02557600884F3C /* ViewModel */,
			);
			path = Home;
			sourceTree = "<group>";
		};
		BAA07AE82B02557600884F3C /* ViewModel */ = {
			isa = PBXGroup;
			children = (
			);
			path = ViewModel;
			sourceTree = "<group>";
		};
		BAA07AE92B02558200884F3C /* Model */ = {
			isa = PBXGroup;
			children = (
			);
			path = Model;
			sourceTree = "<group>";
		};
		D263CA092B02B22D00B4A144 /* Travel */ = {
			isa = PBXGroup;
			children = (
				D263CA2B2B052EAA00B4A144 /* Network */,
				D263CA162B0404B600B4A144 /* Entities */,
				D263CA172B0404BE00B4A144 /* UseCases */,
				D263CA182B0404D700B4A144 /* InterfaceAdapters */,
			);
			path = Travel;
			sourceTree = "<group>";
		};
		D263CA0B2B02B24300B4A144 /* ViewModel */ = {
			isa = PBXGroup;
			children = (
				D263CA212B040EBE00B4A144 /* TravelViewModel.swift */,
			);
			path = ViewModel;
			sourceTree = "<group>";
		};
		D263CA0C2B02B24B00B4A144 /* View */ = {
			isa = PBXGroup;
			children = (
				D263CA122B02DD8900B4A144 /* RouteTableViewController.swift */,
				D263CA142B02ED2B00B4A144 /* RouteTableViewControllerDelegate.swift */,
				D263CA252B04147E00B4A144 /* TravelViewController.swift */,
				D263CA2E2B054A0E00B4A144 /* SearchResultViewController.swift */,
			);
			path = View;
			sourceTree = "<group>";
		};
		D263CA162B0404B600B4A144 /* Entities */ = {
			isa = PBXGroup;
			children = (
				D263CA1B2B04074D00B4A144 /* LocationDetail.swift */,
			);
			path = Entities;
			sourceTree = "<group>";
		};
		D263CA172B0404BE00B4A144 /* UseCases */ = {
			isa = PBXGroup;
			children = (
				D263CA1D2B0407E000B4A144 /* RouteRecorder.swift */,
				D263CA1F2B040BAF00B4A144 /* LocationSearcher.swift */,
				D263CA272B043C6B00B4A144 /* PinnedPlaceManager.swift */,
			);
			path = UseCases;
			sourceTree = "<group>";
		};
		D263CA182B0404D700B4A144 /* InterfaceAdapters */ = {
			isa = PBXGroup;
			children = (
				D263CA0C2B02B24B00B4A144 /* View */,
				D263CA0B2B02B24300B4A144 /* ViewModel */,
			);
			path = InterfaceAdapters;
			sourceTree = "<group>";
		};
		D263CA2B2B052EAA00B4A144 /* Network */ = {
			isa = PBXGroup;
			children = (
				D263CA2C2B052ECC00B4A144 /* TravelEndPoint.swift */,
			);
			path = Network;
			sourceTree = "<group>";
		};
/* End PBXGroup section */

/* Begin PBXNativeTarget section */
		AA46C4B32B02304400856628 /* Macro */ = {
			isa = PBXNativeTarget;
			buildConfigurationList = AA46C4C82B02304600856628 /* Build configuration list for PBXNativeTarget "Macro" */;
			buildPhases = (
				E1400C2743BB88A75E2F3069 /* [CP] Check Pods Manifest.lock */,
				AA46C4CB2B02326300856628 /* SwiftLint */,
				AA46C4B02B02304400856628 /* Sources */,
				AA46C4B12B02304400856628 /* Frameworks */,
				AA46C4B22B02304400856628 /* Resources */,
				984C78E5EDA08D76AAD74EAD /* [CP] Embed Pods Frameworks */,
			);
			buildRules = (
			);
			dependencies = (
			);
			name = Macro;
			packageProductDependencies = (
				AA46C4CF2B025BA400856628 /* MacroDesignSystem */,
				D263CA292B05285C00B4A144 /* Network */,
			);
			productName = Macro;
			productReference = AA46C4B42B02304400856628 /* Macro.app */;
			productType = "com.apple.product-type.application";
		};
/* End PBXNativeTarget section */

/* Begin PBXProject section */
		AA46C4AC2B02304400856628 /* Project object */ = {
			isa = PBXProject;
			attributes = {
				BuildIndependentTargetsInParallel = 1;
				LastSwiftUpdateCheck = 1500;
				LastUpgradeCheck = 1500;
				TargetAttributes = {
					AA46C4B32B02304400856628 = {
						CreatedOnToolsVersion = 15.0;
					};
				};
			};
			buildConfigurationList = AA46C4AF2B02304400856628 /* Build configuration list for PBXProject "Macro" */;
			compatibilityVersion = "Xcode 14.0";
			developmentRegion = en;
			hasScannedForEncodings = 0;
			knownRegions = (
				en,
				Base,
			);
			mainGroup = AA46C4AB2B02304400856628;
			productRefGroup = AA46C4B52B02304400856628 /* Products */;
			projectDirPath = "";
			projectRoot = "";
			targets = (
				AA46C4B32B02304400856628 /* Macro */,
			);
		};
/* End PBXProject section */

/* Begin PBXResourcesBuildPhase section */
		AA46C4B22B02304400856628 /* Resources */ = {
			isa = PBXResourcesBuildPhase;
			buildActionMask = 2147483647;
			files = (
				AA46C4CD2B02332F00856628 /* .swiftlint.yml in Resources */,
				AA46C4C12B02304600856628 /* Assets.xcassets in Resources */,
			);
			runOnlyForDeploymentPostprocessing = 0;
		};
/* End PBXResourcesBuildPhase section */

/* Begin PBXShellScriptBuildPhase section */
		984C78E5EDA08D76AAD74EAD /* [CP] Embed Pods Frameworks */ = {
			isa = PBXShellScriptBuildPhase;
			buildActionMask = 2147483647;
			files = (
			);
			inputFileListPaths = (
				"${PODS_ROOT}/Target Support Files/Pods-Macro/Pods-Macro-frameworks-${CONFIGURATION}-input-files.xcfilelist",
			);
			name = "[CP] Embed Pods Frameworks";
			outputFileListPaths = (
				"${PODS_ROOT}/Target Support Files/Pods-Macro/Pods-Macro-frameworks-${CONFIGURATION}-output-files.xcfilelist",
			);
			runOnlyForDeploymentPostprocessing = 0;
			shellPath = /bin/sh;
			shellScript = "\"${PODS_ROOT}/Target Support Files/Pods-Macro/Pods-Macro-frameworks.sh\"\n";
			showEnvVarsInLog = 0;
		};
		AA46C4CB2B02326300856628 /* SwiftLint */ = {
			isa = PBXShellScriptBuildPhase;
			alwaysOutOfDate = 1;
			buildActionMask = 2147483647;
			files = (
			);
			inputFileListPaths = (
			);
			inputPaths = (
			);
			name = SwiftLint;
			outputFileListPaths = (
			);
			outputPaths = (
			);
			runOnlyForDeploymentPostprocessing = 0;
			shellPath = /bin/sh;
			shellScript = "${PODS_ROOT}/SwiftLint/swiftlint\n";
		};
		E1400C2743BB88A75E2F3069 /* [CP] Check Pods Manifest.lock */ = {
			isa = PBXShellScriptBuildPhase;
			buildActionMask = 2147483647;
			files = (
			);
			inputFileListPaths = (
			);
			inputPaths = (
				"${PODS_PODFILE_DIR_PATH}/Podfile.lock",
				"${PODS_ROOT}/Manifest.lock",
			);
			name = "[CP] Check Pods Manifest.lock";
			outputFileListPaths = (
			);
			outputPaths = (
				"$(DERIVED_FILE_DIR)/Pods-Macro-checkManifestLockResult.txt",
			);
			runOnlyForDeploymentPostprocessing = 0;
			shellPath = /bin/sh;
			shellScript = "diff \"${PODS_PODFILE_DIR_PATH}/Podfile.lock\" \"${PODS_ROOT}/Manifest.lock\" > /dev/null\nif [ $? != 0 ] ; then\n    # print error to STDERR\n    echo \"error: The sandbox is not in sync with the Podfile.lock. Run 'pod install' or update your CocoaPods installation.\" >&2\n    exit 1\nfi\n# This output is used by Xcode 'outputs' to avoid re-running this script phase.\necho \"SUCCESS\" > \"${SCRIPT_OUTPUT_FILE_0}\"\n";
			showEnvVarsInLog = 0;
		};
/* End PBXShellScriptBuildPhase section */

/* Begin PBXSourcesBuildPhase section */
		AA46C4B02B02304400856628 /* Sources */ = {
			isa = PBXSourcesBuildPhase;
			buildActionMask = 2147483647;
			files = (
				D263CA222B040EBE00B4A144 /* TravelViewModel.swift in Sources */,
				D263CA132B02DD8900B4A144 /* RouteTableViewController.swift in Sources */,
				AA46C4BC2B02304400856628 /* HomeViewController.swift in Sources */,
				D263CA152B02ED2B00B4A144 /* RouteTableViewControllerDelegate.swift in Sources */,
				AA46C4B82B02304400856628 /* AppDelegate.swift in Sources */,
				D263CA202B040BAF00B4A144 /* LocationSearcher.swift in Sources */,
				D263CA282B043C6B00B4A144 /* PinnedPlaceManager.swift in Sources */,
				D263CA2F2B054A0E00B4A144 /* SearchResultViewController.swift in Sources */,
				D263CA262B04147E00B4A144 /* TravelViewController.swift in Sources */,
				D263CA242B04134600B4A144 /* ViewModelProtocol.swift in Sources */,
				D263CA2D2B052ECC00B4A144 /* TravelEndPoint.swift in Sources */,
				AA46C4BA2B02304400856628 /* SceneDelegate.swift in Sources */,
				D263CA1E2B0407E000B4A144 /* RouteRecorder.swift in Sources */,
				D263CA1C2B04074D00B4A144 /* LocationDetail.swift in Sources */,
			);
			runOnlyForDeploymentPostprocessing = 0;
		};
/* End PBXSourcesBuildPhase section */

/* Begin XCBuildConfiguration section */
		AA46C4C62B02304600856628 /* Debug */ = {
			isa = XCBuildConfiguration;
			buildSettings = {
				ALWAYS_SEARCH_USER_PATHS = NO;
				ASSETCATALOG_COMPILER_GENERATE_SWIFT_ASSET_SYMBOL_EXTENSIONS = YES;
				CLANG_ANALYZER_NONNULL = YES;
				CLANG_ANALYZER_NUMBER_OBJECT_CONVERSION = YES_AGGRESSIVE;
				CLANG_CXX_LANGUAGE_STANDARD = "gnu++20";
				CLANG_ENABLE_MODULES = YES;
				CLANG_ENABLE_OBJC_ARC = YES;
				CLANG_ENABLE_OBJC_WEAK = YES;
				CLANG_WARN_BLOCK_CAPTURE_AUTORELEASING = YES;
				CLANG_WARN_BOOL_CONVERSION = YES;
				CLANG_WARN_COMMA = YES;
				CLANG_WARN_CONSTANT_CONVERSION = YES;
				CLANG_WARN_DEPRECATED_OBJC_IMPLEMENTATIONS = YES;
				CLANG_WARN_DIRECT_OBJC_ISA_USAGE = YES_ERROR;
				CLANG_WARN_DOCUMENTATION_COMMENTS = YES;
				CLANG_WARN_EMPTY_BODY = YES;
				CLANG_WARN_ENUM_CONVERSION = YES;
				CLANG_WARN_INFINITE_RECURSION = YES;
				CLANG_WARN_INT_CONVERSION = YES;
				CLANG_WARN_NON_LITERAL_NULL_CONVERSION = YES;
				CLANG_WARN_OBJC_IMPLICIT_RETAIN_SELF = YES;
				CLANG_WARN_OBJC_LITERAL_CONVERSION = YES;
				CLANG_WARN_OBJC_ROOT_CLASS = YES_ERROR;
				CLANG_WARN_QUOTED_INCLUDE_IN_FRAMEWORK_HEADER = YES;
				CLANG_WARN_RANGE_LOOP_ANALYSIS = YES;
				CLANG_WARN_STRICT_PROTOTYPES = YES;
				CLANG_WARN_SUSPICIOUS_MOVE = YES;
				CLANG_WARN_UNGUARDED_AVAILABILITY = YES_AGGRESSIVE;
				CLANG_WARN_UNREACHABLE_CODE = YES;
				CLANG_WARN__DUPLICATE_METHOD_MATCH = YES;
				COPY_PHASE_STRIP = NO;
				DEBUG_INFORMATION_FORMAT = dwarf;
				ENABLE_STRICT_OBJC_MSGSEND = YES;
				ENABLE_TESTABILITY = YES;
				ENABLE_USER_SCRIPT_SANDBOXING = NO;
				GCC_C_LANGUAGE_STANDARD = gnu17;
				GCC_DYNAMIC_NO_PIC = NO;
				GCC_NO_COMMON_BLOCKS = YES;
				GCC_OPTIMIZATION_LEVEL = 0;
				GCC_PREPROCESSOR_DEFINITIONS = (
					"DEBUG=1",
					"$(inherited)",
				);
				GCC_WARN_64_TO_32_BIT_CONVERSION = YES;
				GCC_WARN_ABOUT_RETURN_TYPE = YES_ERROR;
				GCC_WARN_UNDECLARED_SELECTOR = YES;
				GCC_WARN_UNINITIALIZED_AUTOS = YES_AGGRESSIVE;
				GCC_WARN_UNUSED_FUNCTION = YES;
				GCC_WARN_UNUSED_VARIABLE = YES;
				IPHONEOS_DEPLOYMENT_TARGET = 17.0;
				LOCALIZATION_PREFERS_STRING_CATALOGS = YES;
				MTL_ENABLE_DEBUG_INFO = INCLUDE_SOURCE;
				MTL_FAST_MATH = YES;
				ONLY_ACTIVE_ARCH = YES;
				SDKROOT = iphoneos;
				SWIFT_ACTIVE_COMPILATION_CONDITIONS = "DEBUG $(inherited)";
				SWIFT_OPTIMIZATION_LEVEL = "-Onone";
			};
			name = Debug;
		};
		AA46C4C72B02304600856628 /* Release */ = {
			isa = XCBuildConfiguration;
			buildSettings = {
				ALWAYS_SEARCH_USER_PATHS = NO;
				ASSETCATALOG_COMPILER_GENERATE_SWIFT_ASSET_SYMBOL_EXTENSIONS = YES;
				CLANG_ANALYZER_NONNULL = YES;
				CLANG_ANALYZER_NUMBER_OBJECT_CONVERSION = YES_AGGRESSIVE;
				CLANG_CXX_LANGUAGE_STANDARD = "gnu++20";
				CLANG_ENABLE_MODULES = YES;
				CLANG_ENABLE_OBJC_ARC = YES;
				CLANG_ENABLE_OBJC_WEAK = YES;
				CLANG_WARN_BLOCK_CAPTURE_AUTORELEASING = YES;
				CLANG_WARN_BOOL_CONVERSION = YES;
				CLANG_WARN_COMMA = YES;
				CLANG_WARN_CONSTANT_CONVERSION = YES;
				CLANG_WARN_DEPRECATED_OBJC_IMPLEMENTATIONS = YES;
				CLANG_WARN_DIRECT_OBJC_ISA_USAGE = YES_ERROR;
				CLANG_WARN_DOCUMENTATION_COMMENTS = YES;
				CLANG_WARN_EMPTY_BODY = YES;
				CLANG_WARN_ENUM_CONVERSION = YES;
				CLANG_WARN_INFINITE_RECURSION = YES;
				CLANG_WARN_INT_CONVERSION = YES;
				CLANG_WARN_NON_LITERAL_NULL_CONVERSION = YES;
				CLANG_WARN_OBJC_IMPLICIT_RETAIN_SELF = YES;
				CLANG_WARN_OBJC_LITERAL_CONVERSION = YES;
				CLANG_WARN_OBJC_ROOT_CLASS = YES_ERROR;
				CLANG_WARN_QUOTED_INCLUDE_IN_FRAMEWORK_HEADER = YES;
				CLANG_WARN_RANGE_LOOP_ANALYSIS = YES;
				CLANG_WARN_STRICT_PROTOTYPES = YES;
				CLANG_WARN_SUSPICIOUS_MOVE = YES;
				CLANG_WARN_UNGUARDED_AVAILABILITY = YES_AGGRESSIVE;
				CLANG_WARN_UNREACHABLE_CODE = YES;
				CLANG_WARN__DUPLICATE_METHOD_MATCH = YES;
				COPY_PHASE_STRIP = NO;
				DEBUG_INFORMATION_FORMAT = "dwarf-with-dsym";
				ENABLE_NS_ASSERTIONS = NO;
				ENABLE_STRICT_OBJC_MSGSEND = YES;
				ENABLE_USER_SCRIPT_SANDBOXING = NO;
				GCC_C_LANGUAGE_STANDARD = gnu17;
				GCC_NO_COMMON_BLOCKS = YES;
				GCC_WARN_64_TO_32_BIT_CONVERSION = YES;
				GCC_WARN_ABOUT_RETURN_TYPE = YES_ERROR;
				GCC_WARN_UNDECLARED_SELECTOR = YES;
				GCC_WARN_UNINITIALIZED_AUTOS = YES_AGGRESSIVE;
				GCC_WARN_UNUSED_FUNCTION = YES;
				GCC_WARN_UNUSED_VARIABLE = YES;
				IPHONEOS_DEPLOYMENT_TARGET = 17.0;
				LOCALIZATION_PREFERS_STRING_CATALOGS = YES;
				MTL_ENABLE_DEBUG_INFO = NO;
				MTL_FAST_MATH = YES;
				SDKROOT = iphoneos;
				SWIFT_COMPILATION_MODE = wholemodule;
				VALIDATE_PRODUCT = YES;
			};
			name = Release;
		};
		AA46C4C92B02304600856628 /* Debug */ = {
			isa = XCBuildConfiguration;
			baseConfigurationReference = 702FC922D425DD7839B1DA1B /* Pods-Macro.debug.xcconfig */;
			buildSettings = {
				ASSETCATALOG_COMPILER_APPICON_NAME = AppIcon;
				ASSETCATALOG_COMPILER_GLOBAL_ACCENT_COLOR_NAME = AccentColor;
				CODE_SIGN_STYLE = Automatic;
				CURRENT_PROJECT_VERSION = 1;
				DEVELOPMENT_TEAM = B3PWYBKFUK;
				GENERATE_INFOPLIST_FILE = YES;
				INFOPLIST_FILE = Macro/Info.plist;
				INFOPLIST_KEY_NSLocationWhenInUseUsageDescription = "이 앱을 사용하는 동안 위치 정보에 접근하도록 허용하시겠습니까?";
				INFOPLIST_KEY_UIApplicationSupportsIndirectInputEvents = YES;
				INFOPLIST_KEY_UILaunchStoryboardName = LaunchScreen;
				INFOPLIST_KEY_UIStatusBarStyle = "";
				INFOPLIST_KEY_UISupportedInterfaceOrientations_iPad = "UIInterfaceOrientationPortrait UIInterfaceOrientationPortraitUpsideDown UIInterfaceOrientationLandscapeLeft UIInterfaceOrientationLandscapeRight";
				INFOPLIST_KEY_UISupportedInterfaceOrientations_iPhone = UIInterfaceOrientationPortrait;
				INFOPLIST_KEY_UIUserInterfaceStyle = Light;
				IPHONEOS_DEPLOYMENT_TARGET = 16.0;
				LD_RUNPATH_SEARCH_PATHS = (
					"$(inherited)",
					"@executable_path/Frameworks",
				);
				MARKETING_VERSION = 1.0;
				PRODUCT_BUNDLE_IDENTIFIER = com.BoostCamp8.Macro;
				PRODUCT_NAME = "$(TARGET_NAME)";
				SUPPORTED_PLATFORMS = "iphoneos iphonesimulator";
				SUPPORTS_MACCATALYST = NO;
				SUPPORTS_MAC_DESIGNED_FOR_IPHONE_IPAD = NO;
				SWIFT_EMIT_LOC_STRINGS = YES;
				SWIFT_VERSION = 5.0;
				TARGETED_DEVICE_FAMILY = 1;
			};
			name = Debug;
		};
		AA46C4CA2B02304600856628 /* Release */ = {
			isa = XCBuildConfiguration;
			baseConfigurationReference = FE963544592A2BC35C2CD604 /* Pods-Macro.release.xcconfig */;
			buildSettings = {
				ASSETCATALOG_COMPILER_APPICON_NAME = AppIcon;
				ASSETCATALOG_COMPILER_GLOBAL_ACCENT_COLOR_NAME = AccentColor;
				CODE_SIGN_STYLE = Automatic;
				CURRENT_PROJECT_VERSION = 1;
				DEVELOPMENT_TEAM = B3PWYBKFUK;
				GENERATE_INFOPLIST_FILE = YES;
				INFOPLIST_FILE = Macro/Info.plist;
				INFOPLIST_KEY_NSLocationWhenInUseUsageDescription = "이 앱을 사용하는 동안 위치 정보에 접근하도록 허용하시겠습니까?";
				INFOPLIST_KEY_UIApplicationSupportsIndirectInputEvents = YES;
				INFOPLIST_KEY_UILaunchStoryboardName = LaunchScreen;
				INFOPLIST_KEY_UIStatusBarStyle = "";
				INFOPLIST_KEY_UISupportedInterfaceOrientations_iPad = "UIInterfaceOrientationPortrait UIInterfaceOrientationPortraitUpsideDown UIInterfaceOrientationLandscapeLeft UIInterfaceOrientationLandscapeRight";
				INFOPLIST_KEY_UISupportedInterfaceOrientations_iPhone = UIInterfaceOrientationPortrait;
				INFOPLIST_KEY_UIUserInterfaceStyle = Light;
				IPHONEOS_DEPLOYMENT_TARGET = 16.0;
				LD_RUNPATH_SEARCH_PATHS = (
					"$(inherited)",
					"@executable_path/Frameworks",
				);
				MARKETING_VERSION = 1.0;
				PRODUCT_BUNDLE_IDENTIFIER = com.BoostCamp8.Macro;
				PRODUCT_NAME = "$(TARGET_NAME)";
				SUPPORTED_PLATFORMS = "iphoneos iphonesimulator";
				SUPPORTS_MACCATALYST = NO;
				SUPPORTS_MAC_DESIGNED_FOR_IPHONE_IPAD = NO;
				SWIFT_EMIT_LOC_STRINGS = YES;
				SWIFT_VERSION = 5.0;
				TARGETED_DEVICE_FAMILY = 1;
			};
			name = Release;
		};
/* End XCBuildConfiguration section */

/* Begin XCConfigurationList section */
		AA46C4AF2B02304400856628 /* Build configuration list for PBXProject "Macro" */ = {
			isa = XCConfigurationList;
			buildConfigurations = (
				AA46C4C62B02304600856628 /* Debug */,
				AA46C4C72B02304600856628 /* Release */,
			);
			defaultConfigurationIsVisible = 0;
			defaultConfigurationName = Release;
		};
		AA46C4C82B02304600856628 /* Build configuration list for PBXNativeTarget "Macro" */ = {
			isa = XCConfigurationList;
			buildConfigurations = (
				AA46C4C92B02304600856628 /* Debug */,
				AA46C4CA2B02304600856628 /* Release */,
			);
			defaultConfigurationIsVisible = 0;
			defaultConfigurationName = Release;
		};
/* End XCConfigurationList section */

/* Begin XCSwiftPackageProductDependency section */
		AA46C4CF2B025BA400856628 /* MacroDesignSystem */ = {
			isa = XCSwiftPackageProductDependency;
			productName = MacroDesignSystem;
		};
		D263CA292B05285C00B4A144 /* Network */ = {
			isa = XCSwiftPackageProductDependency;
			productName = Network;
		};
/* End XCSwiftPackageProductDependency section */
	};
	rootObject = AA46C4AC2B02304400856628 /* Project object */;
}
