// !$*UTF8*$!
{
	archiveVersion = 1;
	classes = {
	};
	objectVersion = 60;
	objects = {

/* Begin PBXBuildFile section */
		9BFF32D7723F20FDFD4D6D37 /* libPods-Macro.a in Frameworks */ = {isa = PBXBuildFile; fileRef = EFE56344E8979EDA80D9E782 /* libPods-Macro.a */; };
		AA46C4B82B02304400856628 /* AppDelegate.swift in Sources */ = {isa = PBXBuildFile; fileRef = AA46C4B72B02304400856628 /* AppDelegate.swift */; };
		AA46C4BA2B02304400856628 /* SceneDelegate.swift in Sources */ = {isa = PBXBuildFile; fileRef = AA46C4B92B02304400856628 /* SceneDelegate.swift */; };
		AAD0B2982B0B0841003B4D5F /* CacheManager.swift in Sources */ = {isa = PBXBuildFile; fileRef = AAD0B2962B0B0841003B4D5F /* CacheManager.swift */; };
		AAD0B2992B0B0841003B4D5F /* KeyChainManager.swift in Sources */ = {isa = PBXBuildFile; fileRef = AAD0B2972B0B0841003B4D5F /* KeyChainManager.swift */; };
		AAD0B2A42B0B0857003B4D5F /* DefaultLoginRepository.swift in Sources */ = {isa = PBXBuildFile; fileRef = AAD0B2A22B0B0857003B4D5F /* DefaultLoginRepository.swift */; };
		AAD0B2AE2B0CCBD7003B4D5F /* TokenManager.swift in Sources */ = {isa = PBXBuildFile; fileRef = AAD0B2AD2B0CCBD7003B4D5F /* TokenManager.swift */; };
		AAD0B2BD2B0DA35B003B4D5F /* LoginViewModel.swift in Sources */ = {isa = PBXBuildFile; fileRef = AAD0B2B22B0DA35B003B4D5F /* LoginViewModel.swift */; };
		AAD0B2BE2B0DA35B003B4D5F /* LoginViewController.swift in Sources */ = {isa = PBXBuildFile; fileRef = AAD0B2B42B0DA35B003B4D5F /* LoginViewController.swift */; };
		AAD0B2BF2B0DA35B003B4D5F /* HTTPError.swift in Sources */ = {isa = PBXBuildFile; fileRef = AAD0B2B72B0DA35B003B4D5F /* HTTPError.swift */; };
		AAD0B2C02B0DA35B003B4D5F /* LoginEndPoint.swift in Sources */ = {isa = PBXBuildFile; fileRef = AAD0B2B82B0DA35B003B4D5F /* LoginEndPoint.swift */; };
		AAD0B2C12B0DA35B003B4D5F /* AppleLoginUseCase.swift in Sources */ = {isa = PBXBuildFile; fileRef = AAD0B2BA2B0DA35B003B4D5F /* AppleLoginUseCase.swift */; };
		AAD0B2C22B0DA35B003B4D5F /* LoginResponse.swift in Sources */ = {isa = PBXBuildFile; fileRef = AAD0B2BC2B0DA35B003B4D5F /* LoginResponse.swift */; };
		AAD0B2C82B0DA399003B4D5F /* Assets.xcassets in Resources */ = {isa = PBXBuildFile; fileRef = AAD0B2C42B0DA399003B4D5F /* Assets.xcassets */; };
		AAD0B2C92B0DA399003B4D5F /* 나눔손글씨 배은혜체.ttf in Resources */ = {isa = PBXBuildFile; fileRef = AAD0B2C52B0DA399003B4D5F /* 나눔손글씨 배은혜체.ttf */; };
		AAD0B2CA2B0DA399003B4D5F /* MockJson.json in Resources */ = {isa = PBXBuildFile; fileRef = AAD0B2C62B0DA399003B4D5F /* MockJson.json */; };
		AAD0B2CB2B0DA399003B4D5F /* tempJson.json in Resources */ = {isa = PBXBuildFile; fileRef = AAD0B2C72B0DA399003B4D5F /* tempJson.json */; };
		AAD0B2D32B0E03DE003B4D5F /* MacroCarouselView.swift in Sources */ = {isa = PBXBuildFile; fileRef = AAD0B2D22B0E03DE003B4D5F /* MacroCarouselView.swift */; };
		AAD0B2D52B0E04CA003B4D5F /* MacroCarouselViewCell.swift in Sources */ = {isa = PBXBuildFile; fileRef = AAD0B2D42B0E04CA003B4D5F /* MacroCarouselViewCell.swift */; };
		AAD0B2D72B0F3164003B4D5F /* MacroCarouselViewAddImageCell.swift in Sources */ = {isa = PBXBuildFile; fileRef = AAD0B2D62B0F3164003B4D5F /* MacroCarouselViewAddImageCell.swift */; };
		AAD0B2DB2B0FB5A5003B4D5F /* ImageUploadEndPoint.swift in Sources */ = {isa = PBXBuildFile; fileRef = AAD0B2DA2B0FB5A5003B4D5F /* ImageUploadEndPoint.swift */; };
		AAD0B2DF2B0FC4A1003B4D5F /* UploadImage.swift in Sources */ = {isa = PBXBuildFile; fileRef = AAD0B2DE2B0FC4A1003B4D5F /* UploadImage.swift */; };
		AAD0B2E12B0FD25B003B4D5F /* ImageURLResponse.swift in Sources */ = {isa = PBXBuildFile; fileRef = AAD0B2E02B0FD25B003B4D5F /* ImageURLResponse.swift */; };
		AAD0B2E32B103547003B4D5F /* WriteEndPoint.swift in Sources */ = {isa = PBXBuildFile; fileRef = AAD0B2E22B103547003B4D5F /* WriteEndPoint.swift */; };
		AAD0B2E52B103555003B4D5F /* WriteRequestDTO.swift in Sources */ = {isa = PBXBuildFile; fileRef = AAD0B2E42B103555003B4D5F /* WriteRequestDTO.swift */; };
		BA32E0E92B0DC14A00EA0EE2 /* TabBarViewController+Animaion.swift in Sources */ = {isa = PBXBuildFile; fileRef = BA32E0E82B0DC14A00EA0EE2 /* TabBarViewController+Animaion.swift */; };
		BA32E16E2B0DC29C00EA0EE2 /* ReadViewModel.swift in Sources */ = {isa = PBXBuildFile; fileRef = BA32E16B2B0DC29C00EA0EE2 /* ReadViewModel.swift */; };
		BA32E16F2B0DC29C00EA0EE2 /* ReadViewController.swift in Sources */ = {isa = PBXBuildFile; fileRef = BA32E16D2B0DC29C00EA0EE2 /* ReadViewController.swift */; };
		BA32E1762B0DC2F900EA0EE2 /* UserInfoViewModel.swift in Sources */ = {isa = PBXBuildFile; fileRef = BA32E1732B0DC2F900EA0EE2 /* UserInfoViewModel.swift */; };
		BA32E1772B0DC2F900EA0EE2 /* UserInfoViewController.swift in Sources */ = {isa = PBXBuildFile; fileRef = BA32E1752B0DC2F900EA0EE2 /* UserInfoViewController.swift */; };
		BA32E17E2B0DC3CB00EA0EE2 /* MyPageViewModel.swift in Sources */ = {isa = PBXBuildFile; fileRef = BA32E17B2B0DC3CB00EA0EE2 /* MyPageViewModel.swift */; };
		BA32E17F2B0DC3CB00EA0EE2 /* MyPageViewController.swift in Sources */ = {isa = PBXBuildFile; fileRef = BA32E17D2B0DC3CB00EA0EE2 /* MyPageViewController.swift */; };
		BA32E1952B0DEBC500EA0EE2 /* LocationInfoViewController.swift in Sources */ = {isa = PBXBuildFile; fileRef = BA32E1942B0DEBC500EA0EE2 /* LocationInfoViewController.swift */; };
		BA33AA702B0AF9DD0065D1E0 /* TaBarBackgroundLineView.swift in Sources */ = {isa = PBXBuildFile; fileRef = BA33AA6F2B0AF9DD0065D1E0 /* TaBarBackgroundLineView.swift */; };
		BA33AA852B0AF9F30065D1E0 /* HomeViewModel.swift in Sources */ = {isa = PBXBuildFile; fileRef = BA33AA742B0AF9F20065D1E0 /* HomeViewModel.swift */; };
		BA33AA892B0AF9F30065D1E0 /* HomeViewController.swift in Sources */ = {isa = PBXBuildFile; fileRef = BA33AA792B0AF9F20065D1E0 /* HomeViewController.swift */; };
		BA33AA8C2B0AF9F30065D1E0 /* HomeHeaderView.swift in Sources */ = {isa = PBXBuildFile; fileRef = BA33AA7C2B0AF9F20065D1E0 /* HomeHeaderView.swift */; };
		BA6C6DF32B05FFC500563B22 /* CAGradientLayer+.swift in Sources */ = {isa = PBXBuildFile; fileRef = BA6C6DE22B05FFC400563B22 /* CAGradientLayer+.swift */; };
		BA6C6DF42B05FFC500563B22 /* CircularViewProtocol.swift in Sources */ = {isa = PBXBuildFile; fileRef = BA6C6DE32B05FFC400563B22 /* CircularViewProtocol.swift */; };
		BA6C6DF52B05FFC500563B22 /* UIScreen+.swift in Sources */ = {isa = PBXBuildFile; fileRef = BA6C6DE42B05FFC400563B22 /* UIScreen+.swift */; };
		BA6C6DF62B05FFC500563B22 /* TabBarViewModel.swift in Sources */ = {isa = PBXBuildFile; fileRef = BA6C6DE82B05FFC500563B22 /* TabBarViewModel.swift */; };
		BA6C6DF72B05FFC500563B22 /* TabLocation.swift in Sources */ = {isa = PBXBuildFile; fileRef = BA6C6DEA2B05FFC500563B22 /* TabLocation.swift */; };
		BA6C6DF82B05FFC500563B22 /* TabComponent.swift in Sources */ = {isa = PBXBuildFile; fileRef = BA6C6DEB2B05FFC500563B22 /* TabComponent.swift */; };
		BA6C6DF92B05FFC500563B22 /* TabBarCenterView.swift in Sources */ = {isa = PBXBuildFile; fileRef = BA6C6DED2B05FFC500563B22 /* TabBarCenterView.swift */; };
		BA6C6DFA2B05FFC500563B22 /* TabBarBackgroundSmallView.swift in Sources */ = {isa = PBXBuildFile; fileRef = BA6C6DEE2B05FFC500563B22 /* TabBarBackgroundSmallView.swift */; };
		BA6C6DFB2B05FFC500563B22 /* TabBarBackgroundLargeCirclceView.swift in Sources */ = {isa = PBXBuildFile; fileRef = BA6C6DEF2B05FFC500563B22 /* TabBarBackgroundLargeCirclceView.swift */; };
		BA6C6DFC2B05FFC500563B22 /* TabComponentView.swift in Sources */ = {isa = PBXBuildFile; fileRef = BA6C6DF02B05FFC500563B22 /* TabComponentView.swift */; };
		BA6C6DFD2B05FFC500563B22 /* TabBarViewController.swift in Sources */ = {isa = PBXBuildFile; fileRef = BA6C6DF12B05FFC500563B22 /* TabBarViewController.swift */; };
		BA6C6DFE2B05FFC500563B22 /* TabBarOpacityView.swift in Sources */ = {isa = PBXBuildFile; fileRef = BA6C6DF22B05FFC500563B22 /* TabBarOpacityView.swift */; };
		BA8DC3F62B0B5D6000929E01 /* MacroDesignSystem in Frameworks */ = {isa = PBXBuildFile; productRef = BA8DC3F52B0B5D6000929E01 /* MacroDesignSystem */; };
		BA8DC3F82B0B5D6400929E01 /* MacroNetwork in Frameworks */ = {isa = PBXBuildFile; productRef = BA8DC3F72B0B5D6400929E01 /* MacroNetwork */; };
		BA8DC3FA2B0B5DD100929E01 /* BaseViewControllerProtocol.swift in Sources */ = {isa = PBXBuildFile; fileRef = BA8DC3F92B0B5DD100929E01 /* BaseViewControllerProtocol.swift */; };
		BA8DC4052B0B5EFD00929E01 /* SearchViewModel.swift in Sources */ = {isa = PBXBuildFile; fileRef = BA8DC4042B0B5EFD00929E01 /* SearchViewModel.swift */; };
		BA8DC4072B0B5F0600929E01 /* SearchViewController.swift in Sources */ = {isa = PBXBuildFile; fileRef = BA8DC4062B0B5F0600929E01 /* SearchViewController.swift */; };
		BA8DC40A2B0B5F7800929E01 /* TabViewController.swift in Sources */ = {isa = PBXBuildFile; fileRef = BA8DC4092B0B5F7800929E01 /* TabViewController.swift */; };
		BA8DC4132B0B602000929E01 /* WriteViewModel.swift in Sources */ = {isa = PBXBuildFile; fileRef = BA8DC4122B0B602000929E01 /* WriteViewModel.swift */; };
		BA8DC4152B0B602D00929E01 /* WriteViewController.swift in Sources */ = {isa = PBXBuildFile; fileRef = BA8DC4142B0B602D00929E01 /* WriteViewController.swift */; };
		BA8DC4182B0B6AD400929E01 /* MacroDesignSystem in Frameworks */ = {isa = PBXBuildFile; productRef = BA8DC4172B0B6AD400929E01 /* MacroDesignSystem */; };
		BA8DC41B2B0B6ADD00929E01 /* MacroNetwork in Frameworks */ = {isa = PBXBuildFile; productRef = BA8DC41A2B0B6ADD00929E01 /* MacroNetwork */; };
		BA90CB3B2B0EF88700365AE2 /* LocationManager.swift in Sources */ = {isa = PBXBuildFile; fileRef = BA90CB3A2B0EF88700365AE2 /* LocationManager.swift */; };
		BA90CB7E2B0F3BA500365AE2 /* PostCollectionViewProtocol.swift in Sources */ = {isa = PBXBuildFile; fileRef = BA90CB7D2B0F3BA500365AE2 /* PostCollectionViewProtocol.swift */; };
		BA90CB842B0F3BF600365AE2 /* PostCollectionViewCell.swift in Sources */ = {isa = PBXBuildFile; fileRef = BA90CB802B0F3BF600365AE2 /* PostCollectionViewCell.swift */; };
		BA90CB852B0F3BF600365AE2 /* PostProfileView.swift in Sources */ = {isa = PBXBuildFile; fileRef = BA90CB812B0F3BF600365AE2 /* PostProfileView.swift */; };
		BA90CB862B0F3BF600365AE2 /* PostContentView.swift in Sources */ = {isa = PBXBuildFile; fileRef = BA90CB822B0F3BF600365AE2 /* PostContentView.swift */; };
		BA90CB872B0F3BF600365AE2 /* PostCollectionView.swift in Sources */ = {isa = PBXBuildFile; fileRef = BA90CB832B0F3BF600365AE2 /* PostCollectionView.swift */; };
		BA90CB892B0F7D2F00365AE2 /* UserInfoHeaderView.swift in Sources */ = {isa = PBXBuildFile; fileRef = BA90CB882B0F7D2F00365AE2 /* UserInfoHeaderView.swift */; };
		BA90CB8C2B0F811F00365AE2 /* UserInfo.swift in Sources */ = {isa = PBXBuildFile; fileRef = BA90CB8B2B0F811F00365AE2 /* UserInfo.swift */; };
		BA90CB912B0FB10900365AE2 /* LaunchScreen.storyboard in Resources */ = {isa = PBXBuildFile; fileRef = BA90CB902B0FB10900365AE2 /* LaunchScreen.storyboard */; };
		BADB1F0C2B0B72AE0001CCD9 /* NetworkUnresearchableViewController.swift in Sources */ = {isa = PBXBuildFile; fileRef = BADB1F0B2B0B72AE0001CCD9 /* NetworkUnresearchableViewController.swift */; };
		D241DC6E2B0D9FFE0037DDB6 /* SearchUseCase.swift in Sources */ = {isa = PBXBuildFile; fileRef = D241DC6D2B0D9FFE0037DDB6 /* SearchUseCase.swift */; };
		D241DC712B0DA0070037DDB6 /* CommonUIComponents.swift in Sources */ = {isa = PBXBuildFile; fileRef = D241DC702B0DA0070037DDB6 /* CommonUIComponents.swift */; };
		D241DC752B0DA00F0037DDB6 /* Writer.swift in Sources */ = {isa = PBXBuildFile; fileRef = D241DC732B0DA00F0037DDB6 /* Writer.swift */; };
		D241DC762B0DA00F0037DDB6 /* PostFindResponse.swift in Sources */ = {isa = PBXBuildFile; fileRef = D241DC742B0DA00F0037DDB6 /* PostFindResponse.swift */; };
		D241DC782B0DA07E0037DDB6 /* PostFindEndPoint.swift in Sources */ = {isa = PBXBuildFile; fileRef = D241DC772B0DA07E0037DDB6 /* PostFindEndPoint.swift */; };
		D241DC7A2B0DA0C00037DDB6 /* PostEndPoint.swift in Sources */ = {isa = PBXBuildFile; fileRef = D241DC792B0DA0C00037DDB6 /* PostEndPoint.swift */; };
		D241DC7C2B0DA0DA0037DDB6 /* SearchType.swift in Sources */ = {isa = PBXBuildFile; fileRef = D241DC7B2B0DA0DA0037DDB6 /* SearchType.swift */; };
		D263CA132B02DD8900B4A144 /* RouteTableViewController.swift in Sources */ = {isa = PBXBuildFile; fileRef = D263CA122B02DD8900B4A144 /* RouteTableViewController.swift */; };
		D263CA1C2B04074D00B4A144 /* LocationDetail.swift in Sources */ = {isa = PBXBuildFile; fileRef = D263CA1B2B04074D00B4A144 /* LocationDetail.swift */; };
		D263CA1E2B0407E000B4A144 /* RouteRecorder.swift in Sources */ = {isa = PBXBuildFile; fileRef = D263CA1D2B0407E000B4A144 /* RouteRecorder.swift */; };
		D263CA222B040EBE00B4A144 /* TravelViewModel.swift in Sources */ = {isa = PBXBuildFile; fileRef = D263CA212B040EBE00B4A144 /* TravelViewModel.swift */; };
		D263CA242B04134600B4A144 /* ViewModelProtocol.swift in Sources */ = {isa = PBXBuildFile; fileRef = D263CA232B04134600B4A144 /* ViewModelProtocol.swift */; };
		D263CA262B04147E00B4A144 /* TravelViewController.swift in Sources */ = {isa = PBXBuildFile; fileRef = D263CA252B04147E00B4A144 /* TravelViewController.swift */; };
		D263CA282B043C6B00B4A144 /* PinnedPlaceManager.swift in Sources */ = {isa = PBXBuildFile; fileRef = D263CA272B043C6B00B4A144 /* PinnedPlaceManager.swift */; };
		D263CA2D2B052ECC00B4A144 /* TravelEndPoint.swift in Sources */ = {isa = PBXBuildFile; fileRef = D263CA2C2B052ECC00B4A144 /* TravelEndPoint.swift */; };
		D263CA2F2B054A0E00B4A144 /* SearchResultViewController.swift in Sources */ = {isa = PBXBuildFile; fileRef = D263CA2E2B054A0E00B4A144 /* SearchResultViewController.swift */; };
		D263CA332B06C7B300B4A144 /* SavedRoute.swift in Sources */ = {isa = PBXBuildFile; fileRef = D263CA322B06C7B300B4A144 /* SavedRoute.swift */; };
/* End PBXBuildFile section */

/* Begin PBXFileReference section */
		702FC922D425DD7839B1DA1B /* Pods-Macro.debug.xcconfig */ = {isa = PBXFileReference; includeInIndex = 1; lastKnownFileType = text.xcconfig; name = "Pods-Macro.debug.xcconfig"; path = "Target Support Files/Pods-Macro/Pods-Macro.debug.xcconfig"; sourceTree = "<group>"; };
		AA46C4B42B02304400856628 /* Macro.app */ = {isa = PBXFileReference; explicitFileType = wrapper.application; includeInIndex = 0; path = Macro.app; sourceTree = BUILT_PRODUCTS_DIR; };
		AA46C4B72B02304400856628 /* AppDelegate.swift */ = {isa = PBXFileReference; lastKnownFileType = sourcecode.swift; path = AppDelegate.swift; sourceTree = "<group>"; };
		AA46C4B92B02304400856628 /* SceneDelegate.swift */ = {isa = PBXFileReference; lastKnownFileType = sourcecode.swift; path = SceneDelegate.swift; sourceTree = "<group>"; };
		AA46C4C52B02304600856628 /* Info.plist */ = {isa = PBXFileReference; lastKnownFileType = text.plist.xml; path = Info.plist; sourceTree = "<group>"; };
		AA46C4CC2B02332F00856628 /* .swiftlint.yml */ = {isa = PBXFileReference; lastKnownFileType = text.yaml; path = .swiftlint.yml; sourceTree = "<group>"; };
		AAD0B2962B0B0841003B4D5F /* CacheManager.swift */ = {isa = PBXFileReference; fileEncoding = 4; lastKnownFileType = sourcecode.swift; path = CacheManager.swift; sourceTree = "<group>"; };
		AAD0B2972B0B0841003B4D5F /* KeyChainManager.swift */ = {isa = PBXFileReference; fileEncoding = 4; lastKnownFileType = sourcecode.swift; path = KeyChainManager.swift; sourceTree = "<group>"; };
		AAD0B2A22B0B0857003B4D5F /* DefaultLoginRepository.swift */ = {isa = PBXFileReference; fileEncoding = 4; lastKnownFileType = sourcecode.swift; path = DefaultLoginRepository.swift; sourceTree = "<group>"; };
		AAD0B2AD2B0CCBD7003B4D5F /* TokenManager.swift */ = {isa = PBXFileReference; lastKnownFileType = sourcecode.swift; path = TokenManager.swift; sourceTree = "<group>"; };
		AAD0B2B22B0DA35B003B4D5F /* LoginViewModel.swift */ = {isa = PBXFileReference; fileEncoding = 4; lastKnownFileType = sourcecode.swift; path = LoginViewModel.swift; sourceTree = "<group>"; };
		AAD0B2B42B0DA35B003B4D5F /* LoginViewController.swift */ = {isa = PBXFileReference; fileEncoding = 4; lastKnownFileType = sourcecode.swift; path = LoginViewController.swift; sourceTree = "<group>"; };
		AAD0B2B72B0DA35B003B4D5F /* HTTPError.swift */ = {isa = PBXFileReference; fileEncoding = 4; lastKnownFileType = sourcecode.swift; path = HTTPError.swift; sourceTree = "<group>"; };
		AAD0B2B82B0DA35B003B4D5F /* LoginEndPoint.swift */ = {isa = PBXFileReference; fileEncoding = 4; lastKnownFileType = sourcecode.swift; path = LoginEndPoint.swift; sourceTree = "<group>"; };
		AAD0B2BA2B0DA35B003B4D5F /* AppleLoginUseCase.swift */ = {isa = PBXFileReference; fileEncoding = 4; lastKnownFileType = sourcecode.swift; path = AppleLoginUseCase.swift; sourceTree = "<group>"; };
		AAD0B2BC2B0DA35B003B4D5F /* LoginResponse.swift */ = {isa = PBXFileReference; fileEncoding = 4; lastKnownFileType = sourcecode.swift; path = LoginResponse.swift; sourceTree = "<group>"; };
		AAD0B2C42B0DA399003B4D5F /* Assets.xcassets */ = {isa = PBXFileReference; lastKnownFileType = folder.assetcatalog; path = Assets.xcassets; sourceTree = "<group>"; };
		AAD0B2C52B0DA399003B4D5F /* 나눔손글씨 배은혜체.ttf */ = {isa = PBXFileReference; lastKnownFileType = file; path = "나눔손글씨 배은혜체.ttf"; sourceTree = "<group>"; };
		AAD0B2C62B0DA399003B4D5F /* MockJson.json */ = {isa = PBXFileReference; fileEncoding = 4; lastKnownFileType = text.json; path = MockJson.json; sourceTree = "<group>"; };
		AAD0B2C72B0DA399003B4D5F /* tempJson.json */ = {isa = PBXFileReference; fileEncoding = 4; lastKnownFileType = text.json; path = tempJson.json; sourceTree = "<group>"; };
		AAD0B2D22B0E03DE003B4D5F /* MacroCarouselView.swift */ = {isa = PBXFileReference; lastKnownFileType = sourcecode.swift; path = MacroCarouselView.swift; sourceTree = "<group>"; };
		AAD0B2D42B0E04CA003B4D5F /* MacroCarouselViewCell.swift */ = {isa = PBXFileReference; lastKnownFileType = sourcecode.swift; path = MacroCarouselViewCell.swift; sourceTree = "<group>"; };
		AAD0B2D62B0F3164003B4D5F /* MacroCarouselViewAddImageCell.swift */ = {isa = PBXFileReference; lastKnownFileType = sourcecode.swift; path = MacroCarouselViewAddImageCell.swift; sourceTree = "<group>"; };
		AAD0B2DA2B0FB5A5003B4D5F /* ImageUploadEndPoint.swift */ = {isa = PBXFileReference; lastKnownFileType = sourcecode.swift; path = ImageUploadEndPoint.swift; sourceTree = "<group>"; };
		AAD0B2DE2B0FC4A1003B4D5F /* UploadImage.swift */ = {isa = PBXFileReference; lastKnownFileType = sourcecode.swift; path = UploadImage.swift; sourceTree = "<group>"; };
		AAD0B2E02B0FD25B003B4D5F /* ImageURLResponse.swift */ = {isa = PBXFileReference; lastKnownFileType = sourcecode.swift; path = ImageURLResponse.swift; sourceTree = "<group>"; };
		AAD0B2E22B103547003B4D5F /* WriteEndPoint.swift */ = {isa = PBXFileReference; lastKnownFileType = sourcecode.swift; path = WriteEndPoint.swift; sourceTree = "<group>"; };
		AAD0B2E42B103555003B4D5F /* WriteRequestDTO.swift */ = {isa = PBXFileReference; lastKnownFileType = sourcecode.swift; path = WriteRequestDTO.swift; sourceTree = "<group>"; };
		BA32E0E82B0DC14A00EA0EE2 /* TabBarViewController+Animaion.swift */ = {isa = PBXFileReference; fileEncoding = 4; lastKnownFileType = sourcecode.swift; path = "TabBarViewController+Animaion.swift"; sourceTree = "<group>"; };
		BA32E16B2B0DC29C00EA0EE2 /* ReadViewModel.swift */ = {isa = PBXFileReference; fileEncoding = 4; lastKnownFileType = sourcecode.swift; path = ReadViewModel.swift; sourceTree = "<group>"; };
		BA32E16D2B0DC29C00EA0EE2 /* ReadViewController.swift */ = {isa = PBXFileReference; fileEncoding = 4; lastKnownFileType = sourcecode.swift; path = ReadViewController.swift; sourceTree = "<group>"; };
		BA32E1732B0DC2F900EA0EE2 /* UserInfoViewModel.swift */ = {isa = PBXFileReference; fileEncoding = 4; lastKnownFileType = sourcecode.swift; path = UserInfoViewModel.swift; sourceTree = "<group>"; };
		BA32E1752B0DC2F900EA0EE2 /* UserInfoViewController.swift */ = {isa = PBXFileReference; fileEncoding = 4; lastKnownFileType = sourcecode.swift; path = UserInfoViewController.swift; sourceTree = "<group>"; };
		BA32E17B2B0DC3CB00EA0EE2 /* MyPageViewModel.swift */ = {isa = PBXFileReference; fileEncoding = 4; lastKnownFileType = sourcecode.swift; path = MyPageViewModel.swift; sourceTree = "<group>"; };
		BA32E17D2B0DC3CB00EA0EE2 /* MyPageViewController.swift */ = {isa = PBXFileReference; fileEncoding = 4; lastKnownFileType = sourcecode.swift; path = MyPageViewController.swift; sourceTree = "<group>"; };
		BA32E1942B0DEBC500EA0EE2 /* LocationInfoViewController.swift */ = {isa = PBXFileReference; fileEncoding = 4; lastKnownFileType = sourcecode.swift; path = LocationInfoViewController.swift; sourceTree = "<group>"; };
		BA33AA6F2B0AF9DD0065D1E0 /* TaBarBackgroundLineView.swift */ = {isa = PBXFileReference; fileEncoding = 4; lastKnownFileType = sourcecode.swift; path = TaBarBackgroundLineView.swift; sourceTree = "<group>"; };
		BA33AA742B0AF9F20065D1E0 /* HomeViewModel.swift */ = {isa = PBXFileReference; fileEncoding = 4; lastKnownFileType = sourcecode.swift; path = HomeViewModel.swift; sourceTree = "<group>"; };
		BA33AA752B0AF9F20065D1E0 /* .gitkeep */ = {isa = PBXFileReference; fileEncoding = 4; lastKnownFileType = text; path = .gitkeep; sourceTree = "<group>"; };
		BA33AA792B0AF9F20065D1E0 /* HomeViewController.swift */ = {isa = PBXFileReference; fileEncoding = 4; lastKnownFileType = sourcecode.swift; path = HomeViewController.swift; sourceTree = "<group>"; };
		BA33AA7C2B0AF9F20065D1E0 /* HomeHeaderView.swift */ = {isa = PBXFileReference; fileEncoding = 4; lastKnownFileType = sourcecode.swift; path = HomeHeaderView.swift; sourceTree = "<group>"; };
		BA6C6DE22B05FFC400563B22 /* CAGradientLayer+.swift */ = {isa = PBXFileReference; fileEncoding = 4; lastKnownFileType = sourcecode.swift; path = "CAGradientLayer+.swift"; sourceTree = "<group>"; };
		BA6C6DE32B05FFC400563B22 /* CircularViewProtocol.swift */ = {isa = PBXFileReference; fileEncoding = 4; lastKnownFileType = sourcecode.swift; path = CircularViewProtocol.swift; sourceTree = "<group>"; };
		BA6C6DE42B05FFC400563B22 /* UIScreen+.swift */ = {isa = PBXFileReference; fileEncoding = 4; lastKnownFileType = sourcecode.swift; path = "UIScreen+.swift"; sourceTree = "<group>"; };
		BA6C6DE82B05FFC500563B22 /* TabBarViewModel.swift */ = {isa = PBXFileReference; fileEncoding = 4; lastKnownFileType = sourcecode.swift; path = TabBarViewModel.swift; sourceTree = "<group>"; };
		BA6C6DEA2B05FFC500563B22 /* TabLocation.swift */ = {isa = PBXFileReference; fileEncoding = 4; lastKnownFileType = sourcecode.swift; path = TabLocation.swift; sourceTree = "<group>"; };
		BA6C6DEB2B05FFC500563B22 /* TabComponent.swift */ = {isa = PBXFileReference; fileEncoding = 4; lastKnownFileType = sourcecode.swift; path = TabComponent.swift; sourceTree = "<group>"; };
		BA6C6DED2B05FFC500563B22 /* TabBarCenterView.swift */ = {isa = PBXFileReference; fileEncoding = 4; lastKnownFileType = sourcecode.swift; path = TabBarCenterView.swift; sourceTree = "<group>"; };
		BA6C6DEE2B05FFC500563B22 /* TabBarBackgroundSmallView.swift */ = {isa = PBXFileReference; fileEncoding = 4; lastKnownFileType = sourcecode.swift; path = TabBarBackgroundSmallView.swift; sourceTree = "<group>"; };
		BA6C6DEF2B05FFC500563B22 /* TabBarBackgroundLargeCirclceView.swift */ = {isa = PBXFileReference; fileEncoding = 4; lastKnownFileType = sourcecode.swift; path = TabBarBackgroundLargeCirclceView.swift; sourceTree = "<group>"; };
		BA6C6DF02B05FFC500563B22 /* TabComponentView.swift */ = {isa = PBXFileReference; fileEncoding = 4; lastKnownFileType = sourcecode.swift; path = TabComponentView.swift; sourceTree = "<group>"; };
		BA6C6DF12B05FFC500563B22 /* TabBarViewController.swift */ = {isa = PBXFileReference; fileEncoding = 4; lastKnownFileType = sourcecode.swift; path = TabBarViewController.swift; sourceTree = "<group>"; };
		BA6C6DF22B05FFC500563B22 /* TabBarOpacityView.swift */ = {isa = PBXFileReference; fileEncoding = 4; lastKnownFileType = sourcecode.swift; path = TabBarOpacityView.swift; sourceTree = "<group>"; };
		BA8DC3F32B0B5D3F00929E01 /* MacroDesignSystem */ = {isa = PBXFileReference; lastKnownFileType = wrapper; name = MacroDesignSystem; path = ../MacroDesignSystem; sourceTree = "<group>"; };
		BA8DC3F42B0B5D4300929E01 /* MacroNetwork */ = {isa = PBXFileReference; lastKnownFileType = wrapper; name = MacroNetwork; path = ../MacroNetwork; sourceTree = "<group>"; };
		BA8DC3F92B0B5DD100929E01 /* BaseViewControllerProtocol.swift */ = {isa = PBXFileReference; lastKnownFileType = sourcecode.swift; path = BaseViewControllerProtocol.swift; sourceTree = "<group>"; };
		BA8DC4042B0B5EFD00929E01 /* SearchViewModel.swift */ = {isa = PBXFileReference; lastKnownFileType = sourcecode.swift; path = SearchViewModel.swift; sourceTree = "<group>"; };
		BA8DC4062B0B5F0600929E01 /* SearchViewController.swift */ = {isa = PBXFileReference; lastKnownFileType = sourcecode.swift; path = SearchViewController.swift; sourceTree = "<group>"; };
		BA8DC4092B0B5F7800929E01 /* TabViewController.swift */ = {isa = PBXFileReference; lastKnownFileType = sourcecode.swift; path = TabViewController.swift; sourceTree = "<group>"; };
		BA8DC4122B0B602000929E01 /* WriteViewModel.swift */ = {isa = PBXFileReference; lastKnownFileType = sourcecode.swift; path = WriteViewModel.swift; sourceTree = "<group>"; };
		BA8DC4142B0B602D00929E01 /* WriteViewController.swift */ = {isa = PBXFileReference; lastKnownFileType = sourcecode.swift; path = WriteViewController.swift; sourceTree = "<group>"; };
		BA90CB3A2B0EF88700365AE2 /* LocationManager.swift */ = {isa = PBXFileReference; lastKnownFileType = sourcecode.swift; path = LocationManager.swift; sourceTree = "<group>"; };
		BA90CB7D2B0F3BA500365AE2 /* PostCollectionViewProtocol.swift */ = {isa = PBXFileReference; fileEncoding = 4; lastKnownFileType = sourcecode.swift; path = PostCollectionViewProtocol.swift; sourceTree = "<group>"; };
		BA90CB802B0F3BF600365AE2 /* PostCollectionViewCell.swift */ = {isa = PBXFileReference; fileEncoding = 4; lastKnownFileType = sourcecode.swift; path = PostCollectionViewCell.swift; sourceTree = "<group>"; };
		BA90CB812B0F3BF600365AE2 /* PostProfileView.swift */ = {isa = PBXFileReference; fileEncoding = 4; lastKnownFileType = sourcecode.swift; path = PostProfileView.swift; sourceTree = "<group>"; };
		BA90CB822B0F3BF600365AE2 /* PostContentView.swift */ = {isa = PBXFileReference; fileEncoding = 4; lastKnownFileType = sourcecode.swift; path = PostContentView.swift; sourceTree = "<group>"; };
		BA90CB832B0F3BF600365AE2 /* PostCollectionView.swift */ = {isa = PBXFileReference; fileEncoding = 4; lastKnownFileType = sourcecode.swift; path = PostCollectionView.swift; sourceTree = "<group>"; };
		BA90CB882B0F7D2F00365AE2 /* UserInfoHeaderView.swift */ = {isa = PBXFileReference; lastKnownFileType = sourcecode.swift; path = UserInfoHeaderView.swift; sourceTree = "<group>"; };
		BA90CB8B2B0F811F00365AE2 /* UserInfo.swift */ = {isa = PBXFileReference; lastKnownFileType = sourcecode.swift; path = UserInfo.swift; sourceTree = "<group>"; };
		BA90CB902B0FB10900365AE2 /* LaunchScreen.storyboard */ = {isa = PBXFileReference; lastKnownFileType = file.storyboard; path = LaunchScreen.storyboard; sourceTree = "<group>"; };
		BADB1F0B2B0B72AE0001CCD9 /* NetworkUnresearchableViewController.swift */ = {isa = PBXFileReference; lastKnownFileType = sourcecode.swift; path = NetworkUnresearchableViewController.swift; sourceTree = "<group>"; };
		D241DC6D2B0D9FFE0037DDB6 /* SearchUseCase.swift */ = {isa = PBXFileReference; fileEncoding = 4; lastKnownFileType = sourcecode.swift; path = SearchUseCase.swift; sourceTree = "<group>"; };
		D241DC702B0DA0070037DDB6 /* CommonUIComponents.swift */ = {isa = PBXFileReference; fileEncoding = 4; lastKnownFileType = sourcecode.swift; path = CommonUIComponents.swift; sourceTree = "<group>"; };
		D241DC732B0DA00F0037DDB6 /* Writer.swift */ = {isa = PBXFileReference; fileEncoding = 4; lastKnownFileType = sourcecode.swift; path = Writer.swift; sourceTree = "<group>"; };
		D241DC742B0DA00F0037DDB6 /* PostFindResponse.swift */ = {isa = PBXFileReference; fileEncoding = 4; lastKnownFileType = sourcecode.swift; path = PostFindResponse.swift; sourceTree = "<group>"; };
		D241DC772B0DA07E0037DDB6 /* PostFindEndPoint.swift */ = {isa = PBXFileReference; fileEncoding = 4; lastKnownFileType = sourcecode.swift; path = PostFindEndPoint.swift; sourceTree = "<group>"; };
		D241DC792B0DA0C00037DDB6 /* PostEndPoint.swift */ = {isa = PBXFileReference; fileEncoding = 4; lastKnownFileType = sourcecode.swift; path = PostEndPoint.swift; sourceTree = "<group>"; };
		D241DC7B2B0DA0DA0037DDB6 /* SearchType.swift */ = {isa = PBXFileReference; fileEncoding = 4; lastKnownFileType = sourcecode.swift; path = SearchType.swift; sourceTree = "<group>"; };
		D263CA122B02DD8900B4A144 /* RouteTableViewController.swift */ = {isa = PBXFileReference; lastKnownFileType = sourcecode.swift; path = RouteTableViewController.swift; sourceTree = "<group>"; };
		D263CA1B2B04074D00B4A144 /* LocationDetail.swift */ = {isa = PBXFileReference; lastKnownFileType = sourcecode.swift; path = LocationDetail.swift; sourceTree = "<group>"; };
		D263CA1D2B0407E000B4A144 /* RouteRecorder.swift */ = {isa = PBXFileReference; lastKnownFileType = sourcecode.swift; path = RouteRecorder.swift; sourceTree = "<group>"; };
		D263CA212B040EBE00B4A144 /* TravelViewModel.swift */ = {isa = PBXFileReference; lastKnownFileType = sourcecode.swift; path = TravelViewModel.swift; sourceTree = "<group>"; };
		D263CA232B04134600B4A144 /* ViewModelProtocol.swift */ = {isa = PBXFileReference; lastKnownFileType = sourcecode.swift; path = ViewModelProtocol.swift; sourceTree = "<group>"; };
		D263CA252B04147E00B4A144 /* TravelViewController.swift */ = {isa = PBXFileReference; lastKnownFileType = sourcecode.swift; path = TravelViewController.swift; sourceTree = "<group>"; };
		D263CA272B043C6B00B4A144 /* PinnedPlaceManager.swift */ = {isa = PBXFileReference; lastKnownFileType = sourcecode.swift; path = PinnedPlaceManager.swift; sourceTree = "<group>"; };
		D263CA2C2B052ECC00B4A144 /* TravelEndPoint.swift */ = {isa = PBXFileReference; lastKnownFileType = sourcecode.swift; path = TravelEndPoint.swift; sourceTree = "<group>"; };
		D263CA2E2B054A0E00B4A144 /* SearchResultViewController.swift */ = {isa = PBXFileReference; lastKnownFileType = sourcecode.swift; path = SearchResultViewController.swift; sourceTree = "<group>"; };
		D263CA322B06C7B300B4A144 /* SavedRoute.swift */ = {isa = PBXFileReference; lastKnownFileType = sourcecode.swift; path = SavedRoute.swift; sourceTree = "<group>"; };
		EFE56344E8979EDA80D9E782 /* libPods-Macro.a */ = {isa = PBXFileReference; explicitFileType = archive.ar; includeInIndex = 0; path = "libPods-Macro.a"; sourceTree = BUILT_PRODUCTS_DIR; };
		FE963544592A2BC35C2CD604 /* Pods-Macro.release.xcconfig */ = {isa = PBXFileReference; includeInIndex = 1; lastKnownFileType = text.xcconfig; name = "Pods-Macro.release.xcconfig"; path = "Target Support Files/Pods-Macro/Pods-Macro.release.xcconfig"; sourceTree = "<group>"; };
/* End PBXFileReference section */

/* Begin PBXFrameworksBuildPhase section */
		AA46C4B12B02304400856628 /* Frameworks */ = {
			isa = PBXFrameworksBuildPhase;
			buildActionMask = 2147483647;
			files = (
				BA8DC3F82B0B5D6400929E01 /* MacroNetwork in Frameworks */,
				BA8DC3F62B0B5D6000929E01 /* MacroDesignSystem in Frameworks */,
				BA8DC4182B0B6AD400929E01 /* MacroDesignSystem in Frameworks */,
				9BFF32D7723F20FDFD4D6D37 /* libPods-Macro.a in Frameworks */,
				BA8DC41B2B0B6ADD00929E01 /* MacroNetwork in Frameworks */,
			);
			runOnlyForDeploymentPostprocessing = 0;
		};
/* End PBXFrameworksBuildPhase section */

/* Begin PBXGroup section */
		1DE520A32C0A10F6528CFB99 /* Pods */ = {
			isa = PBXGroup;
			children = (
				702FC922D425DD7839B1DA1B /* Pods-Macro.debug.xcconfig */,
				FE963544592A2BC35C2CD604 /* Pods-Macro.release.xcconfig */,
			);
			path = Pods;
			sourceTree = "<group>";
		};
		5DD0A7BCA014FCD623890BA7 /* Frameworks */ = {
			isa = PBXGroup;
			children = (
				EFE56344E8979EDA80D9E782 /* libPods-Macro.a */,
			);
			name = Frameworks;
			sourceTree = "<group>";
		};
		AA46C4AB2B02304400856628 = {
			isa = PBXGroup;
			children = (
				BA8DC3F42B0B5D4300929E01 /* MacroNetwork */,
				BA8DC3F32B0B5D3F00929E01 /* MacroDesignSystem */,
				AA46C4CC2B02332F00856628 /* .swiftlint.yml */,
				AA46C4B62B02304400856628 /* Macro */,
				AA46C4B52B02304400856628 /* Products */,
				1DE520A32C0A10F6528CFB99 /* Pods */,
				5DD0A7BCA014FCD623890BA7 /* Frameworks */,
			);
			sourceTree = "<group>";
		};
		AA46C4B52B02304400856628 /* Products */ = {
			isa = PBXGroup;
			children = (
				AA46C4B42B02304400856628 /* Macro.app */,
			);
			name = Products;
			sourceTree = "<group>";
		};
		AA46C4B62B02304400856628 /* Macro */ = {
			isa = PBXGroup;
			children = (
				AAD0B2A02B0B0857003B4D5F /* Data */,
				AAD0B2942B0B0841003B4D5F /* Infrastructure */,
				BA6C6DE52B05FFC500563B22 /* Common */,
				BA6C6DE12B05FFC400563B22 /* Util */,
				AAD0B2C32B0DA399003B4D5F /* Resource */,
				BAA07ADF2B02521500884F3C /* App */,
				BAA07ADE2B0251CF00884F3C /* Scene */,
				AA46C4C52B02304600856628 /* Info.plist */,
			);
			path = Macro;
			sourceTree = "<group>";
		};
		AAD0B2942B0B0841003B4D5F /* Infrastructure */ = {
			isa = PBXGroup;
			children = (
				AAD0B2952B0B0841003B4D5F /* PersistentStorages */,
			);
			path = Infrastructure;
			sourceTree = "<group>";
		};
		AAD0B2952B0B0841003B4D5F /* PersistentStorages */ = {
			isa = PBXGroup;
			children = (
				AAD0B2962B0B0841003B4D5F /* CacheManager.swift */,
				AAD0B2972B0B0841003B4D5F /* KeyChainManager.swift */,
				AAD0B2AD2B0CCBD7003B4D5F /* TokenManager.swift */,
			);
			path = PersistentStorages;
			sourceTree = "<group>";
		};
		AAD0B2A02B0B0857003B4D5F /* Data */ = {
			isa = PBXGroup;
			children = (
				AAD0B2A12B0B0857003B4D5F /* Repository */,
			);
			path = Data;
			sourceTree = "<group>";
		};
		AAD0B2A12B0B0857003B4D5F /* Repository */ = {
			isa = PBXGroup;
			children = (
				AAD0B2A22B0B0857003B4D5F /* DefaultLoginRepository.swift */,
			);
			path = Repository;
			sourceTree = "<group>";
		};
		AAD0B2AF2B0DA35B003B4D5F /* Login */ = {
			isa = PBXGroup;
			children = (
				AAD0B2B02B0DA35B003B4D5F /* InterfaceAdapters */,
				AAD0B2B52B0DA35B003B4D5F /* Network */,
				AAD0B2B92B0DA35B003B4D5F /* UseCases */,
				AAD0B2BB2B0DA35B003B4D5F /* Entities */,
			);
			path = Login;
			sourceTree = "<group>";
		};
		AAD0B2B02B0DA35B003B4D5F /* InterfaceAdapters */ = {
			isa = PBXGroup;
			children = (
				AAD0B2B12B0DA35B003B4D5F /* ViewModel */,
				AAD0B2B32B0DA35B003B4D5F /* View */,
			);
			path = InterfaceAdapters;
			sourceTree = "<group>";
		};
		AAD0B2B12B0DA35B003B4D5F /* ViewModel */ = {
			isa = PBXGroup;
			children = (
				AAD0B2B22B0DA35B003B4D5F /* LoginViewModel.swift */,
			);
			path = ViewModel;
			sourceTree = "<group>";
		};
		AAD0B2B32B0DA35B003B4D5F /* View */ = {
			isa = PBXGroup;
			children = (
				AAD0B2B42B0DA35B003B4D5F /* LoginViewController.swift */,
			);
			path = View;
			sourceTree = "<group>";
		};
		AAD0B2B52B0DA35B003B4D5F /* Network */ = {
			isa = PBXGroup;
			children = (
				AAD0B2B62B0DA35B003B4D5F /* Model */,
			);
			path = Network;
			sourceTree = "<group>";
		};
		AAD0B2B62B0DA35B003B4D5F /* Model */ = {
			isa = PBXGroup;
			children = (
				AAD0B2B72B0DA35B003B4D5F /* HTTPError.swift */,
				AAD0B2B82B0DA35B003B4D5F /* LoginEndPoint.swift */,
			);
			path = Model;
			sourceTree = "<group>";
		};
		AAD0B2B92B0DA35B003B4D5F /* UseCases */ = {
			isa = PBXGroup;
			children = (
				AAD0B2BA2B0DA35B003B4D5F /* AppleLoginUseCase.swift */,
			);
			path = UseCases;
			sourceTree = "<group>";
		};
		AAD0B2BB2B0DA35B003B4D5F /* Entities */ = {
			isa = PBXGroup;
			children = (
				AAD0B2BC2B0DA35B003B4D5F /* LoginResponse.swift */,
			);
			path = Entities;
			sourceTree = "<group>";
		};
		AAD0B2C32B0DA399003B4D5F /* Resource */ = {
			isa = PBXGroup;
			children = (
				AAD0B2C42B0DA399003B4D5F /* Assets.xcassets */,
				AAD0B2C52B0DA399003B4D5F /* 나눔손글씨 배은혜체.ttf */,
				AAD0B2C62B0DA399003B4D5F /* MockJson.json */,
				AAD0B2C72B0DA399003B4D5F /* tempJson.json */,
			);
			path = Resource;
			sourceTree = "<group>";
		};
		BA32E1682B0DC29C00EA0EE2 /* Read */ = {
			isa = PBXGroup;
			children = (
				BA32E1692B0DC29C00EA0EE2 /* InterfaceAdapters */,
			);
			path = Read;
			sourceTree = "<group>";
		};
		BA32E1692B0DC29C00EA0EE2 /* InterfaceAdapters */ = {
			isa = PBXGroup;
			children = (
				BA32E16A2B0DC29C00EA0EE2 /* ViewModel */,
				BA32E16C2B0DC29C00EA0EE2 /* View */,
			);
			path = InterfaceAdapters;
			sourceTree = "<group>";
		};
		BA32E16A2B0DC29C00EA0EE2 /* ViewModel */ = {
			isa = PBXGroup;
			children = (
				BA32E16B2B0DC29C00EA0EE2 /* ReadViewModel.swift */,
			);
			path = ViewModel;
			sourceTree = "<group>";
		};
		BA32E16C2B0DC29C00EA0EE2 /* View */ = {
			isa = PBXGroup;
			children = (
				BA32E16D2B0DC29C00EA0EE2 /* ReadViewController.swift */,
			);
			path = View;
			sourceTree = "<group>";
		};
		BA32E1702B0DC2F900EA0EE2 /* UserInfo */ = {
			isa = PBXGroup;
			children = (
				BA32E1712B0DC2F900EA0EE2 /* InterfaceAdapters */,
				BA90CB8A2B0F810700365AE2 /* Entities */,
			);
			path = UserInfo;
			sourceTree = "<group>";
		};
		BA32E1712B0DC2F900EA0EE2 /* InterfaceAdapters */ = {
			isa = PBXGroup;
			children = (
				BA32E1722B0DC2F900EA0EE2 /* ViewModel */,
				BA32E1742B0DC2F900EA0EE2 /* View */,
			);
			path = InterfaceAdapters;
			sourceTree = "<group>";
		};
		BA32E1722B0DC2F900EA0EE2 /* ViewModel */ = {
			isa = PBXGroup;
			children = (
				BA32E1732B0DC2F900EA0EE2 /* UserInfoViewModel.swift */,
			);
			path = ViewModel;
			sourceTree = "<group>";
		};
		BA32E1742B0DC2F900EA0EE2 /* View */ = {
			isa = PBXGroup;
			children = (
				BA32E1752B0DC2F900EA0EE2 /* UserInfoViewController.swift */,
				BA90CB882B0F7D2F00365AE2 /* UserInfoHeaderView.swift */,
			);
			path = View;
			sourceTree = "<group>";
		};
		BA32E1782B0DC3CB00EA0EE2 /* MyPage */ = {
			isa = PBXGroup;
			children = (
				BA32E1792B0DC3CB00EA0EE2 /* InterfaceAdapters */,
			);
			path = MyPage;
			sourceTree = "<group>";
		};
		BA32E1792B0DC3CB00EA0EE2 /* InterfaceAdapters */ = {
			isa = PBXGroup;
			children = (
				BA32E17A2B0DC3CB00EA0EE2 /* ViewModel */,
				BA32E17C2B0DC3CB00EA0EE2 /* View */,
			);
			path = InterfaceAdapters;
			sourceTree = "<group>";
		};
		BA32E17A2B0DC3CB00EA0EE2 /* ViewModel */ = {
			isa = PBXGroup;
			children = (
				BA32E17B2B0DC3CB00EA0EE2 /* MyPageViewModel.swift */,
			);
			path = ViewModel;
			sourceTree = "<group>";
		};
		BA32E17C2B0DC3CB00EA0EE2 /* View */ = {
			isa = PBXGroup;
			children = (
				BA32E17D2B0DC3CB00EA0EE2 /* MyPageViewController.swift */,
			);
			path = View;
			sourceTree = "<group>";
		};
		BA32E1912B0DEBC500EA0EE2 /* LocationInfo */ = {
			isa = PBXGroup;
			children = (
				BA32E1922B0DEBC500EA0EE2 /* InterfaceAdapters */,
			);
			path = LocationInfo;
			sourceTree = "<group>";
		};
		BA32E1922B0DEBC500EA0EE2 /* InterfaceAdapters */ = {
			isa = PBXGroup;
			children = (
				BA32E1932B0DEBC500EA0EE2 /* VIew */,
			);
			path = InterfaceAdapters;
			sourceTree = "<group>";
		};
		BA32E1932B0DEBC500EA0EE2 /* VIew */ = {
			isa = PBXGroup;
			children = (
				BA32E1942B0DEBC500EA0EE2 /* LocationInfoViewController.swift */,
			);
			path = VIew;
			sourceTree = "<group>";
		};
		BA33AA712B0AF9F20065D1E0 /* Home */ = {
			isa = PBXGroup;
			children = (
				BA33AA722B0AF9F20065D1E0 /* InterfaceAdapters */,
				BA33AA7D2B0AF9F20065D1E0 /* Network */,
				BA33AA812B0AF9F20065D1E0 /* Entities */,
			);
			path = Home;
			sourceTree = "<group>";
		};
		BA33AA722B0AF9F20065D1E0 /* InterfaceAdapters */ = {
			isa = PBXGroup;
			children = (
				BA33AA732B0AF9F20065D1E0 /* ViewModel */,
				BA33AA762B0AF9F20065D1E0 /* View */,
			);
			path = InterfaceAdapters;
			sourceTree = "<group>";
		};
		BA33AA732B0AF9F20065D1E0 /* ViewModel */ = {
			isa = PBXGroup;
			children = (
				BA33AA742B0AF9F20065D1E0 /* HomeViewModel.swift */,
				BA33AA752B0AF9F20065D1E0 /* .gitkeep */,
			);
			path = ViewModel;
			sourceTree = "<group>";
		};
		BA33AA762B0AF9F20065D1E0 /* View */ = {
			isa = PBXGroup;
			children = (
				BA33AA792B0AF9F20065D1E0 /* HomeViewController.swift */,
				BA33AA7C2B0AF9F20065D1E0 /* HomeHeaderView.swift */,
			);
			path = View;
			sourceTree = "<group>";
		};
		BA33AA7D2B0AF9F20065D1E0 /* Network */ = {
			isa = PBXGroup;
			children = (
				D241DC792B0DA0C00037DDB6 /* PostEndPoint.swift */,
			);
			path = Network;
			sourceTree = "<group>";
		};
		BA33AA812B0AF9F20065D1E0 /* Entities */ = {
			isa = PBXGroup;
			children = (
			);
			path = Entities;
			sourceTree = "<group>";
		};
		BA4ED7272B0B4C52000F0B5B /* CommonProtocol */ = {
			isa = PBXGroup;
			children = (
				BA90CB7D2B0F3BA500365AE2 /* PostCollectionViewProtocol.swift */,
				BA8DC3F92B0B5DD100929E01 /* BaseViewControllerProtocol.swift */,
				D263CA232B04134600B4A144 /* ViewModelProtocol.swift */,
				BA6C6DE32B05FFC400563B22 /* CircularViewProtocol.swift */,
			);
			path = CommonProtocol;
			sourceTree = "<group>";
		};
		BA6C6DE12B05FFC400563B22 /* Util */ = {
			isa = PBXGroup;
			children = (
				BA6C6DE22B05FFC400563B22 /* CAGradientLayer+.swift */,
				BA6C6DE42B05FFC400563B22 /* UIScreen+.swift */,
				BA90CB3A2B0EF88700365AE2 /* LocationManager.swift */,
			);
			path = Util;
			sourceTree = "<group>";
		};
		BA6C6DE52B05FFC500563B22 /* Common */ = {
			isa = PBXGroup;
			children = (
				D241DC722B0DA00F0037DDB6 /* Entities */,
				D241DC6F2B0DA0070037DDB6 /* UI */,
				D241DC6C2B0D9FFE0037DDB6 /* UseCases */,
				BA8DC4082B0B5F6A00929E01 /* Tab */,
				BA4ED7272B0B4C52000F0B5B /* CommonProtocol */,
				BA6C6DE62B05FFC500563B22 /* TabBar */,
			);
			path = Common;
			sourceTree = "<group>";
		};
		BA6C6DE62B05FFC500563B22 /* TabBar */ = {
			isa = PBXGroup;
			children = (
				BA6C6DE72B05FFC500563B22 /* ViewModel */,
				BA6C6DE92B05FFC500563B22 /* Model */,
				BA6C6DEC2B05FFC500563B22 /* View */,
			);
			path = TabBar;
			sourceTree = "<group>";
		};
		BA6C6DE72B05FFC500563B22 /* ViewModel */ = {
			isa = PBXGroup;
			children = (
				BA6C6DE82B05FFC500563B22 /* TabBarViewModel.swift */,
			);
			path = ViewModel;
			sourceTree = "<group>";
		};
		BA6C6DE92B05FFC500563B22 /* Model */ = {
			isa = PBXGroup;
			children = (
				BA6C6DEA2B05FFC500563B22 /* TabLocation.swift */,
				BA6C6DEB2B05FFC500563B22 /* TabComponent.swift */,
			);
			path = Model;
			sourceTree = "<group>";
		};
		BA6C6DEC2B05FFC500563B22 /* View */ = {
			isa = PBXGroup;
			children = (
				BA6C6DED2B05FFC500563B22 /* TabBarCenterView.swift */,
				BA33AA6F2B0AF9DD0065D1E0 /* TaBarBackgroundLineView.swift */,
				BA6C6DEE2B05FFC500563B22 /* TabBarBackgroundSmallView.swift */,
				BA6C6DEF2B05FFC500563B22 /* TabBarBackgroundLargeCirclceView.swift */,
				BA6C6DF02B05FFC500563B22 /* TabComponentView.swift */,
				BA6C6DF12B05FFC500563B22 /* TabBarViewController.swift */,
				BA32E0E82B0DC14A00EA0EE2 /* TabBarViewController+Animaion.swift */,
				BA6C6DF22B05FFC500563B22 /* TabBarOpacityView.swift */,
			);
			path = View;
			sourceTree = "<group>";
		};
		BA8DC3FC2B0B5E0A00929E01 /* Search */ = {
			isa = PBXGroup;
			children = (
				BA8DC3FD2B0B5E1F00929E01 /* InterfaceAdapters */,
				BA8DC3FE2B0B5E2800929E01 /* Network */,
				BA8DC4002B0B5E3900929E01 /* Entities */,
				BA8DC3FF2B0B5E2E00929E01 /* UseCases */,
			);
			path = Search;
			sourceTree = "<group>";
		};
		BA8DC3FD2B0B5E1F00929E01 /* InterfaceAdapters */ = {
			isa = PBXGroup;
			children = (
				BA8DC4012B0B5E6000929E01 /* ViewModel */,
				BA8DC4022B0B5E6800929E01 /* View */,
			);
			path = InterfaceAdapters;
			sourceTree = "<group>";
		};
		BA8DC3FE2B0B5E2800929E01 /* Network */ = {
			isa = PBXGroup;
			children = (
				D241DC772B0DA07E0037DDB6 /* PostFindEndPoint.swift */,
			);
			path = Network;
			sourceTree = "<group>";
		};
		BA8DC3FF2B0B5E2E00929E01 /* UseCases */ = {
			isa = PBXGroup;
			children = (
			);
			path = UseCases;
			sourceTree = "<group>";
		};
		BA8DC4002B0B5E3900929E01 /* Entities */ = {
			isa = PBXGroup;
			children = (
				D241DC7B2B0DA0DA0037DDB6 /* SearchType.swift */,
			);
			path = Entities;
			sourceTree = "<group>";
		};
		BA8DC4012B0B5E6000929E01 /* ViewModel */ = {
			isa = PBXGroup;
			children = (
				BA8DC4042B0B5EFD00929E01 /* SearchViewModel.swift */,
			);
			path = ViewModel;
			sourceTree = "<group>";
		};
		BA8DC4022B0B5E6800929E01 /* View */ = {
			isa = PBXGroup;
			children = (
				BA8DC4062B0B5F0600929E01 /* SearchViewController.swift */,
			);
			path = View;
			sourceTree = "<group>";
		};
		BA8DC4082B0B5F6A00929E01 /* Tab */ = {
			isa = PBXGroup;
			children = (
				BA8DC4092B0B5F7800929E01 /* TabViewController.swift */,
			);
			path = Tab;
			sourceTree = "<group>";
		};
		BA8DC40B2B0B5FB500929E01 /* Write */ = {
			isa = PBXGroup;
			children = (
				BA8DC40C2B0B5FBD00929E01 /* InterfaceAdapters */,
				BA8DC40F2B0B5FD200929E01 /* Network */,
				BA8DC4102B0B5FD700929E01 /* Entities */,
				BA8DC4112B0B5FE300929E01 /* UseCases */,
			);
			path = Write;
			sourceTree = "<group>";
		};
		BA8DC40C2B0B5FBD00929E01 /* InterfaceAdapters */ = {
			isa = PBXGroup;
			children = (
				BA8DC40D2B0B5FC400929E01 /* ViewModel */,
				BA8DC40E2B0B5FC900929E01 /* View */,
			);
			path = InterfaceAdapters;
			sourceTree = "<group>";
		};
		BA8DC40D2B0B5FC400929E01 /* ViewModel */ = {
			isa = PBXGroup;
			children = (
				BA8DC4122B0B602000929E01 /* WriteViewModel.swift */,
			);
			path = ViewModel;
			sourceTree = "<group>";
		};
		BA8DC40E2B0B5FC900929E01 /* View */ = {
			isa = PBXGroup;
			children = (
				BA8DC4142B0B602D00929E01 /* WriteViewController.swift */,
			);
			path = View;
			sourceTree = "<group>";
		};
		BA8DC40F2B0B5FD200929E01 /* Network */ = {
			isa = PBXGroup;
			children = (
				AAD0B2DA2B0FB5A5003B4D5F /* ImageUploadEndPoint.swift */,
				AAD0B2E22B103547003B4D5F /* WriteEndPoint.swift */,
			);
			path = Network;
			sourceTree = "<group>";
		};
		BA8DC4102B0B5FD700929E01 /* Entities */ = {
			isa = PBXGroup;
			children = (
				AAD0B2E02B0FD25B003B4D5F /* ImageURLResponse.swift */,
				AAD0B2E42B103555003B4D5F /* WriteRequestDTO.swift */,
			);
			path = Entities;
			sourceTree = "<group>";
		};
		BA8DC4112B0B5FE300929E01 /* UseCases */ = {
			isa = PBXGroup;
			children = (
				AAD0B2DE2B0FC4A1003B4D5F /* UploadImage.swift */,
			);
			path = UseCases;
			sourceTree = "<group>";
		};
		BA90CB7F2B0F3BF500365AE2 /* PostCollectionView */ = {
			isa = PBXGroup;
			children = (
				BA90CB802B0F3BF600365AE2 /* PostCollectionViewCell.swift */,
				BA90CB812B0F3BF600365AE2 /* PostProfileView.swift */,
				BA90CB822B0F3BF600365AE2 /* PostContentView.swift */,
				BA90CB832B0F3BF600365AE2 /* PostCollectionView.swift */,
			);
			path = PostCollectionView;
			sourceTree = "<group>";
		};
		BA90CB8A2B0F810700365AE2 /* Entities */ = {
			isa = PBXGroup;
			children = (
				BA90CB8B2B0F811F00365AE2 /* UserInfo.swift */,
			);
			path = Entities;
			sourceTree = "<group>";
		};
		BA90CB8D2B0FAFE300365AE2 /* LaunchScreen */ = {
			isa = PBXGroup;
			children = (
				BA90CB902B0FB10900365AE2 /* LaunchScreen.storyboard */,
			);
			path = LaunchScreen;
			sourceTree = "<group>";
		};
		BAA07ADE2B0251CF00884F3C /* Scene */ = {
			isa = PBXGroup;
			children = (
				BA90CB8D2B0FAFE300365AE2 /* LaunchScreen */,
				BA32E1912B0DEBC500EA0EE2 /* LocationInfo */,
				BA32E1782B0DC3CB00EA0EE2 /* MyPage */,
				BA32E1702B0DC2F900EA0EE2 /* UserInfo */,
				BA32E1682B0DC29C00EA0EE2 /* Read */,
				BADB1F0A2B0B72790001CCD9 /* NetworkUnresearchable */,
				BA8DC40B2B0B5FB500929E01 /* Write */,
				AAD0B2AF2B0DA35B003B4D5F /* Login */,
				BA8DC3FC2B0B5E0A00929E01 /* Search */,
				BA33AA712B0AF9F20065D1E0 /* Home */,
				D263CA092B02B22D00B4A144 /* Travel */,
			);
			path = Scene;
			sourceTree = "<group>";
		};
		BAA07ADF2B02521500884F3C /* App */ = {
			isa = PBXGroup;
			children = (
				AA46C4B72B02304400856628 /* AppDelegate.swift */,
				AA46C4B92B02304400856628 /* SceneDelegate.swift */,
			);
			path = App;
			sourceTree = "<group>";
		};
		BADB1F0A2B0B72790001CCD9 /* NetworkUnresearchable */ = {
			isa = PBXGroup;
			children = (
				BADB1F0B2B0B72AE0001CCD9 /* NetworkUnresearchableViewController.swift */,
			);
			path = NetworkUnresearchable;
			sourceTree = "<group>";
		};
		D241DC6C2B0D9FFE0037DDB6 /* UseCases */ = {
			isa = PBXGroup;
			children = (
				D241DC6D2B0D9FFE0037DDB6 /* SearchUseCase.swift */,
			);
			path = UseCases;
			sourceTree = "<group>";
		};
		D241DC6F2B0DA0070037DDB6 /* UI */ = {
			isa = PBXGroup;
			children = (
				BA90CB7F2B0F3BF500365AE2 /* PostCollectionView */,
				D241DC702B0DA0070037DDB6 /* CommonUIComponents.swift */,
				AAD0B2D22B0E03DE003B4D5F /* MacroCarouselView.swift */,
				AAD0B2D42B0E04CA003B4D5F /* MacroCarouselViewCell.swift */,
				AAD0B2D62B0F3164003B4D5F /* MacroCarouselViewAddImageCell.swift */,
			);
			path = UI;
			sourceTree = "<group>";
		};
		D241DC722B0DA00F0037DDB6 /* Entities */ = {
			isa = PBXGroup;
			children = (
				D241DC732B0DA00F0037DDB6 /* Writer.swift */,
				D241DC742B0DA00F0037DDB6 /* PostFindResponse.swift */,
			);
			path = Entities;
			sourceTree = "<group>";
		};
		D263CA092B02B22D00B4A144 /* Travel */ = {
			isa = PBXGroup;
			children = (
				D263CA182B0404D700B4A144 /* InterfaceAdapters */,
				D263CA2B2B052EAA00B4A144 /* Network */,
				D263CA172B0404BE00B4A144 /* UseCases */,
				D263CA162B0404B600B4A144 /* Entities */,
			);
			path = Travel;
			sourceTree = "<group>";
		};
		D263CA0B2B02B24300B4A144 /* ViewModel */ = {
			isa = PBXGroup;
			children = (
				D263CA212B040EBE00B4A144 /* TravelViewModel.swift */,
			);
			path = ViewModel;
			sourceTree = "<group>";
		};
		D263CA0C2B02B24B00B4A144 /* View */ = {
			isa = PBXGroup;
			children = (
				D263CA122B02DD8900B4A144 /* RouteTableViewController.swift */,
				D263CA252B04147E00B4A144 /* TravelViewController.swift */,
				D263CA2E2B054A0E00B4A144 /* SearchResultViewController.swift */,
			);
			path = View;
			sourceTree = "<group>";
		};
		D263CA162B0404B600B4A144 /* Entities */ = {
			isa = PBXGroup;
			children = (
				D263CA1B2B04074D00B4A144 /* LocationDetail.swift */,
				D263CA322B06C7B300B4A144 /* SavedRoute.swift */,
			);
			path = Entities;
			sourceTree = "<group>";
		};
		D263CA172B0404BE00B4A144 /* UseCases */ = {
			isa = PBXGroup;
			children = (
				D263CA1D2B0407E000B4A144 /* RouteRecorder.swift */,
				D263CA272B043C6B00B4A144 /* PinnedPlaceManager.swift */,
			);
			path = UseCases;
			sourceTree = "<group>";
		};
		D263CA182B0404D700B4A144 /* InterfaceAdapters */ = {
			isa = PBXGroup;
			children = (
				D263CA0C2B02B24B00B4A144 /* View */,
				D263CA0B2B02B24300B4A144 /* ViewModel */,
			);
			path = InterfaceAdapters;
			sourceTree = "<group>";
		};
		D263CA2B2B052EAA00B4A144 /* Network */ = {
			isa = PBXGroup;
			children = (
				D263CA2C2B052ECC00B4A144 /* TravelEndPoint.swift */,
			);
			path = Network;
			sourceTree = "<group>";
		};
/* End PBXGroup section */

/* Begin PBXNativeTarget section */
		AA46C4B32B02304400856628 /* Macro */ = {
			isa = PBXNativeTarget;
			buildConfigurationList = AA46C4C82B02304600856628 /* Build configuration list for PBXNativeTarget "Macro" */;
			buildPhases = (
				E1400C2743BB88A75E2F3069 /* [CP] Check Pods Manifest.lock */,
				AA46C4CB2B02326300856628 /* SwiftLint */,
				AA46C4B02B02304400856628 /* Sources */,
				AA46C4B12B02304400856628 /* Frameworks */,
				AA46C4B22B02304400856628 /* Resources */,
				984C78E5EDA08D76AAD74EAD /* [CP] Embed Pods Frameworks */,
			);
			buildRules = (
			);
			dependencies = (
			);
			name = Macro;
			packageProductDependencies = (
				BA8DC3F52B0B5D6000929E01 /* MacroDesignSystem */,
				BA8DC3F72B0B5D6400929E01 /* MacroNetwork */,
				BA8DC4172B0B6AD400929E01 /* MacroDesignSystem */,
				BA8DC41A2B0B6ADD00929E01 /* MacroNetwork */,
			);
			productName = Macro;
			productReference = AA46C4B42B02304400856628 /* Macro.app */;
			productType = "com.apple.product-type.application";
		};
/* End PBXNativeTarget section */

/* Begin PBXProject section */
		AA46C4AC2B02304400856628 /* Project object */ = {
			isa = PBXProject;
			attributes = {
				BuildIndependentTargetsInParallel = 1;
				LastSwiftUpdateCheck = 1500;
				LastUpgradeCheck = 1500;
				TargetAttributes = {
					AA46C4B32B02304400856628 = {
						CreatedOnToolsVersion = 15.0;
					};
				};
			};
			buildConfigurationList = AA46C4AF2B02304400856628 /* Build configuration list for PBXProject "Macro" */;
			compatibilityVersion = "Xcode 14.0";
			developmentRegion = en;
			hasScannedForEncodings = 0;
			knownRegions = (
				en,
				Base,
			);
			mainGroup = AA46C4AB2B02304400856628;
			packageReferences = (
				BA8DC4162B0B6AD400929E01 /* XCLocalSwiftPackageReference "../MacroDesignSystem" */,
				BA8DC4192B0B6ADD00929E01 /* XCLocalSwiftPackageReference "../MacroNetwork" */,
			);
			productRefGroup = AA46C4B52B02304400856628 /* Products */;
			projectDirPath = "";
			projectRoot = "";
			targets = (
				AA46C4B32B02304400856628 /* Macro */,
			);
		};
/* End PBXProject section */

/* Begin PBXResourcesBuildPhase section */
		AA46C4B22B02304400856628 /* Resources */ = {
			isa = PBXResourcesBuildPhase;
			buildActionMask = 2147483647;
			files = (
				AAD0B2CA2B0DA399003B4D5F /* MockJson.json in Resources */,
				AAD0B2CB2B0DA399003B4D5F /* tempJson.json in Resources */,
				AAD0B2C92B0DA399003B4D5F /* 나눔손글씨 배은혜체.ttf in Resources */,
				BA90CB912B0FB10900365AE2 /* LaunchScreen.storyboard in Resources */,
				AAD0B2C82B0DA399003B4D5F /* Assets.xcassets in Resources */,
			);
			runOnlyForDeploymentPostprocessing = 0;
		};
/* End PBXResourcesBuildPhase section */

/* Begin PBXShellScriptBuildPhase section */
		984C78E5EDA08D76AAD74EAD /* [CP] Embed Pods Frameworks */ = {
			isa = PBXShellScriptBuildPhase;
			buildActionMask = 2147483647;
			files = (
			);
			inputFileListPaths = (
				"${PODS_ROOT}/Target Support Files/Pods-Macro/Pods-Macro-frameworks-${CONFIGURATION}-input-files.xcfilelist",
			);
			name = "[CP] Embed Pods Frameworks";
			outputFileListPaths = (
				"${PODS_ROOT}/Target Support Files/Pods-Macro/Pods-Macro-frameworks-${CONFIGURATION}-output-files.xcfilelist",
			);
			runOnlyForDeploymentPostprocessing = 0;
			shellPath = /bin/sh;
			shellScript = "\"${PODS_ROOT}/Target Support Files/Pods-Macro/Pods-Macro-frameworks.sh\"\n";
			showEnvVarsInLog = 0;
		};
		AA46C4CB2B02326300856628 /* SwiftLint */ = {
			isa = PBXShellScriptBuildPhase;
			alwaysOutOfDate = 1;
			buildActionMask = 2147483647;
			files = (
			);
			inputFileListPaths = (
			);
			inputPaths = (
			);
			name = SwiftLint;
			outputFileListPaths = (
			);
			outputPaths = (
			);
			runOnlyForDeploymentPostprocessing = 0;
			shellPath = /bin/sh;
			shellScript = "${PODS_ROOT}/SwiftLint/swiftlint\n";
		};
		E1400C2743BB88A75E2F3069 /* [CP] Check Pods Manifest.lock */ = {
			isa = PBXShellScriptBuildPhase;
			buildActionMask = 2147483647;
			files = (
			);
			inputFileListPaths = (
			);
			inputPaths = (
				"${PODS_PODFILE_DIR_PATH}/Podfile.lock",
				"${PODS_ROOT}/Manifest.lock",
			);
			name = "[CP] Check Pods Manifest.lock";
			outputFileListPaths = (
			);
			outputPaths = (
				"$(DERIVED_FILE_DIR)/Pods-Macro-checkManifestLockResult.txt",
			);
			runOnlyForDeploymentPostprocessing = 0;
			shellPath = /bin/sh;
			shellScript = "diff \"${PODS_PODFILE_DIR_PATH}/Podfile.lock\" \"${PODS_ROOT}/Manifest.lock\" > /dev/null\nif [ $? != 0 ] ; then\n    # print error to STDERR\n    echo \"error: The sandbox is not in sync with the Podfile.lock. Run 'pod install' or update your CocoaPods installation.\" >&2\n    exit 1\nfi\n# This output is used by Xcode 'outputs' to avoid re-running this script phase.\necho \"SUCCESS\" > \"${SCRIPT_OUTPUT_FILE_0}\"\n";
			showEnvVarsInLog = 0;
		};
/* End PBXShellScriptBuildPhase section */

/* Begin PBXSourcesBuildPhase section */
		AA46C4B02B02304400856628 /* Sources */ = {
			isa = PBXSourcesBuildPhase;
			buildActionMask = 2147483647;
			files = (
				AAD0B2E32B103547003B4D5F /* WriteEndPoint.swift in Sources */,
				BA8DC4152B0B602D00929E01 /* WriteViewController.swift in Sources */,
				D241DC7C2B0DA0DA0037DDB6 /* SearchType.swift in Sources */,
				BA6C6DFA2B05FFC500563B22 /* TabBarBackgroundSmallView.swift in Sources */,
				AAD0B2D32B0E03DE003B4D5F /* MacroCarouselView.swift in Sources */,
				D263CA222B040EBE00B4A144 /* TravelViewModel.swift in Sources */,
				BA8DC40A2B0B5F7800929E01 /* TabViewController.swift in Sources */,
				D241DC762B0DA00F0037DDB6 /* PostFindResponse.swift in Sources */,
				AAD0B2C22B0DA35B003B4D5F /* LoginResponse.swift in Sources */,
				D241DC7A2B0DA0C00037DDB6 /* PostEndPoint.swift in Sources */,
				BA90CB862B0F3BF600365AE2 /* PostContentView.swift in Sources */,
				D241DC752B0DA00F0037DDB6 /* Writer.swift in Sources */,
				BA33AA892B0AF9F30065D1E0 /* HomeViewController.swift in Sources */,
				BA90CB872B0F3BF600365AE2 /* PostCollectionView.swift in Sources */,
				D263CA132B02DD8900B4A144 /* RouteTableViewController.swift in Sources */,
				BA90CB3B2B0EF88700365AE2 /* LocationManager.swift in Sources */,
				BA6C6DF32B05FFC500563B22 /* CAGradientLayer+.swift in Sources */,
				BA6C6DFE2B05FFC500563B22 /* TabBarOpacityView.swift in Sources */,
				D263CA332B06C7B300B4A144 /* SavedRoute.swift in Sources */,
				BA8DC3FA2B0B5DD100929E01 /* BaseViewControllerProtocol.swift in Sources */,
				AAD0B2DB2B0FB5A5003B4D5F /* ImageUploadEndPoint.swift in Sources */,
				BA33AA8C2B0AF9F30065D1E0 /* HomeHeaderView.swift in Sources */,
				BA32E1762B0DC2F900EA0EE2 /* UserInfoViewModel.swift in Sources */,
				BA90CB7E2B0F3BA500365AE2 /* PostCollectionViewProtocol.swift in Sources */,
				BA8DC4132B0B602000929E01 /* WriteViewModel.swift in Sources */,
				AAD0B2E52B103555003B4D5F /* WriteRequestDTO.swift in Sources */,
				AA46C4B82B02304400856628 /* AppDelegate.swift in Sources */,
				BA6C6DF92B05FFC500563B22 /* TabBarCenterView.swift in Sources */,
				BA6C6DF42B05FFC500563B22 /* CircularViewProtocol.swift in Sources */,
				BA32E16F2B0DC29C00EA0EE2 /* ReadViewController.swift in Sources */,
				AAD0B2AE2B0CCBD7003B4D5F /* TokenManager.swift in Sources */,
				AAD0B2BF2B0DA35B003B4D5F /* HTTPError.swift in Sources */,
				D263CA282B043C6B00B4A144 /* PinnedPlaceManager.swift in Sources */,
				BA33AA702B0AF9DD0065D1E0 /* TaBarBackgroundLineView.swift in Sources */,
				BA6C6DF52B05FFC500563B22 /* UIScreen+.swift in Sources */,
				AAD0B2BE2B0DA35B003B4D5F /* LoginViewController.swift in Sources */,
				AAD0B2DF2B0FC4A1003B4D5F /* UploadImage.swift in Sources */,
				AAD0B2992B0B0841003B4D5F /* KeyChainManager.swift in Sources */,
				BA6C6DF62B05FFC500563B22 /* TabBarViewModel.swift in Sources */,
				BADB1F0C2B0B72AE0001CCD9 /* NetworkUnresearchableViewController.swift in Sources */,
				AAD0B2D52B0E04CA003B4D5F /* MacroCarouselViewCell.swift in Sources */,
				BA90CB842B0F3BF600365AE2 /* PostCollectionViewCell.swift in Sources */,
				BA6C6DFD2B05FFC500563B22 /* TabBarViewController.swift in Sources */,
				AAD0B2E12B0FD25B003B4D5F /* ImageURLResponse.swift in Sources */,
				BA32E17E2B0DC3CB00EA0EE2 /* MyPageViewModel.swift in Sources */,
				AAD0B2C12B0DA35B003B4D5F /* AppleLoginUseCase.swift in Sources */,
				D263CA2F2B054A0E00B4A144 /* SearchResultViewController.swift in Sources */,
				BA32E17F2B0DC3CB00EA0EE2 /* MyPageViewController.swift in Sources */,
				BA6C6DFC2B05FFC500563B22 /* TabComponentView.swift in Sources */,
				D263CA262B04147E00B4A144 /* TravelViewController.swift in Sources */,
				BA32E1772B0DC2F900EA0EE2 /* UserInfoViewController.swift in Sources */,
				AAD0B2982B0B0841003B4D5F /* CacheManager.swift in Sources */,
				D263CA242B04134600B4A144 /* ViewModelProtocol.swift in Sources */,
				D241DC782B0DA07E0037DDB6 /* PostFindEndPoint.swift in Sources */,
				D263CA2D2B052ECC00B4A144 /* TravelEndPoint.swift in Sources */,
				AAD0B2A42B0B0857003B4D5F /* DefaultLoginRepository.swift in Sources */,
				AA46C4BA2B02304400856628 /* SceneDelegate.swift in Sources */,
				BA90CB892B0F7D2F00365AE2 /* UserInfoHeaderView.swift in Sources */,
				BA32E16E2B0DC29C00EA0EE2 /* ReadViewModel.swift in Sources */,
				AAD0B2C02B0DA35B003B4D5F /* LoginEndPoint.swift in Sources */,
				D241DC712B0DA0070037DDB6 /* CommonUIComponents.swift in Sources */,
				BA8DC4072B0B5F0600929E01 /* SearchViewController.swift in Sources */,
				BA90CB852B0F3BF600365AE2 /* PostProfileView.swift in Sources */,
				BA6C6DFB2B05FFC500563B22 /* TabBarBackgroundLargeCirclceView.swift in Sources */,
				BA33AA852B0AF9F30065D1E0 /* HomeViewModel.swift in Sources */,
				AAD0B2BD2B0DA35B003B4D5F /* LoginViewModel.swift in Sources */,
				D263CA1E2B0407E000B4A144 /* RouteRecorder.swift in Sources */,
				D263CA1C2B04074D00B4A144 /* LocationDetail.swift in Sources */,
				D241DC6E2B0D9FFE0037DDB6 /* SearchUseCase.swift in Sources */,
				BA8DC4052B0B5EFD00929E01 /* SearchViewModel.swift in Sources */,
				BA32E0E92B0DC14A00EA0EE2 /* TabBarViewController+Animaion.swift in Sources */,
				BA6C6DF72B05FFC500563B22 /* TabLocation.swift in Sources */,
				AAD0B2D72B0F3164003B4D5F /* MacroCarouselViewAddImageCell.swift in Sources */,
				BA32E1952B0DEBC500EA0EE2 /* LocationInfoViewController.swift in Sources */,
				BA90CB8C2B0F811F00365AE2 /* UserInfo.swift in Sources */,
				BA6C6DF82B05FFC500563B22 /* TabComponent.swift in Sources */,
			);
			runOnlyForDeploymentPostprocessing = 0;
		};
/* End PBXSourcesBuildPhase section */

/* Begin XCBuildConfiguration section */
		AA46C4C62B02304600856628 /* Debug */ = {
			isa = XCBuildConfiguration;
			buildSettings = {
				ALWAYS_SEARCH_USER_PATHS = NO;
				ASSETCATALOG_COMPILER_GENERATE_SWIFT_ASSET_SYMBOL_EXTENSIONS = YES;
				CLANG_ANALYZER_NONNULL = YES;
				CLANG_ANALYZER_NUMBER_OBJECT_CONVERSION = YES_AGGRESSIVE;
				CLANG_CXX_LANGUAGE_STANDARD = "gnu++20";
				CLANG_ENABLE_MODULES = YES;
				CLANG_ENABLE_OBJC_ARC = YES;
				CLANG_ENABLE_OBJC_WEAK = YES;
				CLANG_WARN_BLOCK_CAPTURE_AUTORELEASING = YES;
				CLANG_WARN_BOOL_CONVERSION = YES;
				CLANG_WARN_COMMA = YES;
				CLANG_WARN_CONSTANT_CONVERSION = YES;
				CLANG_WARN_DEPRECATED_OBJC_IMPLEMENTATIONS = YES;
				CLANG_WARN_DIRECT_OBJC_ISA_USAGE = YES_ERROR;
				CLANG_WARN_DOCUMENTATION_COMMENTS = YES;
				CLANG_WARN_EMPTY_BODY = YES;
				CLANG_WARN_ENUM_CONVERSION = YES;
				CLANG_WARN_INFINITE_RECURSION = YES;
				CLANG_WARN_INT_CONVERSION = YES;
				CLANG_WARN_NON_LITERAL_NULL_CONVERSION = YES;
				CLANG_WARN_OBJC_IMPLICIT_RETAIN_SELF = YES;
				CLANG_WARN_OBJC_LITERAL_CONVERSION = YES;
				CLANG_WARN_OBJC_ROOT_CLASS = YES_ERROR;
				CLANG_WARN_QUOTED_INCLUDE_IN_FRAMEWORK_HEADER = YES;
				CLANG_WARN_RANGE_LOOP_ANALYSIS = YES;
				CLANG_WARN_STRICT_PROTOTYPES = YES;
				CLANG_WARN_SUSPICIOUS_MOVE = YES;
				CLANG_WARN_UNGUARDED_AVAILABILITY = YES_AGGRESSIVE;
				CLANG_WARN_UNREACHABLE_CODE = YES;
				CLANG_WARN__DUPLICATE_METHOD_MATCH = YES;
				COPY_PHASE_STRIP = NO;
				DEBUG_INFORMATION_FORMAT = dwarf;
				ENABLE_STRICT_OBJC_MSGSEND = YES;
				ENABLE_TESTABILITY = YES;
				ENABLE_USER_SCRIPT_SANDBOXING = NO;
				GCC_C_LANGUAGE_STANDARD = gnu17;
				GCC_DYNAMIC_NO_PIC = NO;
				GCC_NO_COMMON_BLOCKS = YES;
				GCC_OPTIMIZATION_LEVEL = 0;
				GCC_PREPROCESSOR_DEFINITIONS = (
					"DEBUG=1",
					"$(inherited)",
				);
				GCC_WARN_64_TO_32_BIT_CONVERSION = YES;
				GCC_WARN_ABOUT_RETURN_TYPE = YES_ERROR;
				GCC_WARN_UNDECLARED_SELECTOR = YES;
				GCC_WARN_UNINITIALIZED_AUTOS = YES_AGGRESSIVE;
				GCC_WARN_UNUSED_FUNCTION = YES;
				GCC_WARN_UNUSED_VARIABLE = YES;
				IPHONEOS_DEPLOYMENT_TARGET = 17.0;
				LOCALIZATION_PREFERS_STRING_CATALOGS = YES;
				MTL_ENABLE_DEBUG_INFO = INCLUDE_SOURCE;
				MTL_FAST_MATH = YES;
				ONLY_ACTIVE_ARCH = YES;
				SDKROOT = iphoneos;
				SWIFT_ACTIVE_COMPILATION_CONDITIONS = "DEBUG $(inherited)";
				SWIFT_OPTIMIZATION_LEVEL = "-Onone";
			};
			name = Debug;
		};
		AA46C4C72B02304600856628 /* Release */ = {
			isa = XCBuildConfiguration;
			buildSettings = {
				ALWAYS_SEARCH_USER_PATHS = NO;
				ASSETCATALOG_COMPILER_GENERATE_SWIFT_ASSET_SYMBOL_EXTENSIONS = YES;
				CLANG_ANALYZER_NONNULL = YES;
				CLANG_ANALYZER_NUMBER_OBJECT_CONVERSION = YES_AGGRESSIVE;
				CLANG_CXX_LANGUAGE_STANDARD = "gnu++20";
				CLANG_ENABLE_MODULES = YES;
				CLANG_ENABLE_OBJC_ARC = YES;
				CLANG_ENABLE_OBJC_WEAK = YES;
				CLANG_WARN_BLOCK_CAPTURE_AUTORELEASING = YES;
				CLANG_WARN_BOOL_CONVERSION = YES;
				CLANG_WARN_COMMA = YES;
				CLANG_WARN_CONSTANT_CONVERSION = YES;
				CLANG_WARN_DEPRECATED_OBJC_IMPLEMENTATIONS = YES;
				CLANG_WARN_DIRECT_OBJC_ISA_USAGE = YES_ERROR;
				CLANG_WARN_DOCUMENTATION_COMMENTS = YES;
				CLANG_WARN_EMPTY_BODY = YES;
				CLANG_WARN_ENUM_CONVERSION = YES;
				CLANG_WARN_INFINITE_RECURSION = YES;
				CLANG_WARN_INT_CONVERSION = YES;
				CLANG_WARN_NON_LITERAL_NULL_CONVERSION = YES;
				CLANG_WARN_OBJC_IMPLICIT_RETAIN_SELF = YES;
				CLANG_WARN_OBJC_LITERAL_CONVERSION = YES;
				CLANG_WARN_OBJC_ROOT_CLASS = YES_ERROR;
				CLANG_WARN_QUOTED_INCLUDE_IN_FRAMEWORK_HEADER = YES;
				CLANG_WARN_RANGE_LOOP_ANALYSIS = YES;
				CLANG_WARN_STRICT_PROTOTYPES = YES;
				CLANG_WARN_SUSPICIOUS_MOVE = YES;
				CLANG_WARN_UNGUARDED_AVAILABILITY = YES_AGGRESSIVE;
				CLANG_WARN_UNREACHABLE_CODE = YES;
				CLANG_WARN__DUPLICATE_METHOD_MATCH = YES;
				COPY_PHASE_STRIP = NO;
				DEBUG_INFORMATION_FORMAT = "dwarf-with-dsym";
				ENABLE_NS_ASSERTIONS = NO;
				ENABLE_STRICT_OBJC_MSGSEND = YES;
				ENABLE_USER_SCRIPT_SANDBOXING = NO;
				GCC_C_LANGUAGE_STANDARD = gnu17;
				GCC_NO_COMMON_BLOCKS = YES;
				GCC_WARN_64_TO_32_BIT_CONVERSION = YES;
				GCC_WARN_ABOUT_RETURN_TYPE = YES_ERROR;
				GCC_WARN_UNDECLARED_SELECTOR = YES;
				GCC_WARN_UNINITIALIZED_AUTOS = YES_AGGRESSIVE;
				GCC_WARN_UNUSED_FUNCTION = YES;
				GCC_WARN_UNUSED_VARIABLE = YES;
				IPHONEOS_DEPLOYMENT_TARGET = 17.0;
				LOCALIZATION_PREFERS_STRING_CATALOGS = YES;
				MTL_ENABLE_DEBUG_INFO = NO;
				MTL_FAST_MATH = YES;
				SDKROOT = iphoneos;
				SWIFT_COMPILATION_MODE = wholemodule;
				VALIDATE_PRODUCT = YES;
			};
			name = Release;
		};
		AA46C4C92B02304600856628 /* Debug */ = {
			isa = XCBuildConfiguration;
			baseConfigurationReference = 702FC922D425DD7839B1DA1B /* Pods-Macro.debug.xcconfig */;
			buildSettings = {
				ASSETCATALOG_COMPILER_APPICON_NAME = AppIcon;
				ASSETCATALOG_COMPILER_GLOBAL_ACCENT_COLOR_NAME = AccentColor;
				CODE_SIGN_ENTITLEMENTS = Macro/Macro.entitlements;
				CODE_SIGN_STYLE = Automatic;
				CURRENT_PROJECT_VERSION = 1;
				DEVELOPMENT_TEAM = B3PWYBKFUK;
				GENERATE_INFOPLIST_FILE = YES;
				INFOPLIST_FILE = Macro/Info.plist;
				INFOPLIST_KEY_NSLocationWhenInUseUsageDescription = "이 앱은 여러분의 위치 정보를 사용합니다.";
				INFOPLIST_KEY_UIApplicationSupportsIndirectInputEvents = YES;
				INFOPLIST_KEY_UILaunchStoryboardName = LaunchScreen;
				INFOPLIST_KEY_UIStatusBarStyle = "";
				INFOPLIST_KEY_UISupportedInterfaceOrientations_iPad = "UIInterfaceOrientationPortrait UIInterfaceOrientationPortraitUpsideDown UIInterfaceOrientationLandscapeLeft UIInterfaceOrientationLandscapeRight";
				INFOPLIST_KEY_UISupportedInterfaceOrientations_iPhone = UIInterfaceOrientationPortrait;
				INFOPLIST_KEY_UIUserInterfaceStyle = Light;
				IPHONEOS_DEPLOYMENT_TARGET = 16.0;
				LD_RUNPATH_SEARCH_PATHS = (
					"$(inherited)",
					"@executable_path/Frameworks",
				);
				MARKETING_VERSION = 1.0;
				PRODUCT_BUNDLE_IDENTIFIER = com.BoostCamp8.Macro1;
				PRODUCT_NAME = "$(TARGET_NAME)";
				SUPPORTED_PLATFORMS = "iphoneos iphonesimulator";
				SUPPORTS_MACCATALYST = NO;
				SUPPORTS_MAC_DESIGNED_FOR_IPHONE_IPAD = NO;
				SWIFT_EMIT_LOC_STRINGS = YES;
				SWIFT_VERSION = 5.0;
				TARGETED_DEVICE_FAMILY = 1;
			};
			name = Debug;
		};
		AA46C4CA2B02304600856628 /* Release */ = {
			isa = XCBuildConfiguration;
			baseConfigurationReference = FE963544592A2BC35C2CD604 /* Pods-Macro.release.xcconfig */;
			buildSettings = {
				ASSETCATALOG_COMPILER_APPICON_NAME = AppIcon;
				ASSETCATALOG_COMPILER_GLOBAL_ACCENT_COLOR_NAME = AccentColor;
				CODE_SIGN_ENTITLEMENTS = Macro/Macro.entitlements;
				CODE_SIGN_STYLE = Automatic;
				CURRENT_PROJECT_VERSION = 1;
				DEVELOPMENT_TEAM = B3PWYBKFUK;
				GENERATE_INFOPLIST_FILE = YES;
				INFOPLIST_FILE = Macro/Info.plist;
				INFOPLIST_KEY_NSLocationWhenInUseUsageDescription = "이 앱은 여러분의 위치 정보를 사용합니다.";
				INFOPLIST_KEY_UIApplicationSupportsIndirectInputEvents = YES;
				INFOPLIST_KEY_UILaunchStoryboardName = LaunchScreen;
				INFOPLIST_KEY_UIStatusBarStyle = "";
				INFOPLIST_KEY_UISupportedInterfaceOrientations_iPad = "UIInterfaceOrientationPortrait UIInterfaceOrientationPortraitUpsideDown UIInterfaceOrientationLandscapeLeft UIInterfaceOrientationLandscapeRight";
				INFOPLIST_KEY_UISupportedInterfaceOrientations_iPhone = UIInterfaceOrientationPortrait;
				INFOPLIST_KEY_UIUserInterfaceStyle = Light;
				IPHONEOS_DEPLOYMENT_TARGET = 16.0;
				LD_RUNPATH_SEARCH_PATHS = (
					"$(inherited)",
					"@executable_path/Frameworks",
				);
				MARKETING_VERSION = 1.0;
				PRODUCT_BUNDLE_IDENTIFIER = com.BoostCamp8.Macro1;
				PRODUCT_NAME = "$(TARGET_NAME)";
				SUPPORTED_PLATFORMS = "iphoneos iphonesimulator";
				SUPPORTS_MACCATALYST = NO;
				SUPPORTS_MAC_DESIGNED_FOR_IPHONE_IPAD = NO;
				SWIFT_EMIT_LOC_STRINGS = YES;
				SWIFT_VERSION = 5.0;
				TARGETED_DEVICE_FAMILY = 1;
			};
			name = Release;
		};
/* End XCBuildConfiguration section */

/* Begin XCConfigurationList section */
		AA46C4AF2B02304400856628 /* Build configuration list for PBXProject "Macro" */ = {
			isa = XCConfigurationList;
			buildConfigurations = (
				AA46C4C62B02304600856628 /* Debug */,
				AA46C4C72B02304600856628 /* Release */,
			);
			defaultConfigurationIsVisible = 0;
			defaultConfigurationName = Release;
		};
		AA46C4C82B02304600856628 /* Build configuration list for PBXNativeTarget "Macro" */ = {
			isa = XCConfigurationList;
			buildConfigurations = (
				AA46C4C92B02304600856628 /* Debug */,
				AA46C4CA2B02304600856628 /* Release */,
			);
			defaultConfigurationIsVisible = 0;
			defaultConfigurationName = Release;
		};
/* End XCConfigurationList section */

/* Begin XCLocalSwiftPackageReference section */
		BA8DC4162B0B6AD400929E01 /* XCLocalSwiftPackageReference "../MacroDesignSystem" */ = {
			isa = XCLocalSwiftPackageReference;
			relativePath = ../MacroDesignSystem;
		};
		BA8DC4192B0B6ADD00929E01 /* XCLocalSwiftPackageReference "../MacroNetwork" */ = {
			isa = XCLocalSwiftPackageReference;
			relativePath = ../MacroNetwork;
		};
/* End XCLocalSwiftPackageReference section */

/* Begin XCSwiftPackageProductDependency section */
		BA8DC3F52B0B5D6000929E01 /* MacroDesignSystem */ = {
			isa = XCSwiftPackageProductDependency;
			productName = MacroDesignSystem;
		};
		BA8DC3F72B0B5D6400929E01 /* MacroNetwork */ = {
			isa = XCSwiftPackageProductDependency;
			productName = MacroNetwork;
		};
		BA8DC4172B0B6AD400929E01 /* MacroDesignSystem */ = {
			isa = XCSwiftPackageProductDependency;
			productName = MacroDesignSystem;
		};
		BA8DC41A2B0B6ADD00929E01 /* MacroNetwork */ = {
			isa = XCSwiftPackageProductDependency;
			productName = MacroNetwork;
		};
/* End XCSwiftPackageProductDependency section */
	};
	rootObject = AA46C4AC2B02304400856628 /* Project object */;
}
